// !$*UTF8*$!
{
	archiveVersion = 1;
	classes = {
	};
	objectVersion = 54;
	objects = {

/* Begin PBXBuildFile section */
		00E356F31AD99517003FC87E /* BiostasisTests.m in Sources */ = {isa = PBXBuildFile; fileRef = 00E356F21AD99517003FC87E /* BiostasisTests.m */; };
		13B07FBC1A68108700A75B9A /* AppDelegate.mm in Sources */ = {isa = PBXBuildFile; fileRef = 13B07FB01A68108700A75B9A /* AppDelegate.mm */; };
		13B07FBF1A68108700A75B9A /* Images.xcassets in Resources */ = {isa = PBXBuildFile; fileRef = 13B07FB51A68108700A75B9A /* Images.xcassets */; };
		13B07FC11A68108700A75B9A /* main.m in Sources */ = {isa = PBXBuildFile; fileRef = 13B07FB71A68108700A75B9A /* main.m */; };
		5417E2292D5D2F69004FFB11 /* Poppins-Black.ttf in Sources */ = {isa = PBXBuildFile; fileRef = 54565D7D2D5B3E5800C85B44 /* Poppins-Black.ttf */; };
		5417E22A2D5D2F69004FFB11 /* Poppins-BlackItalic.ttf in Sources */ = {isa = PBXBuildFile; fileRef = 54565D7E2D5B3E5800C85B44 /* Poppins-BlackItalic.ttf */; };
		5417E22B2D5D2F69004FFB11 /* Poppins-Bold.ttf in Sources */ = {isa = PBXBuildFile; fileRef = 54565D8E2D5B3E5800C85B44 /* Poppins-Bold.ttf */; };
		5417E22C2D5D2F69004FFB11 /* Poppins-BoldItalic.ttf in Sources */ = {isa = PBXBuildFile; fileRef = 54565D802D5B3E5800C85B44 /* Poppins-BoldItalic.ttf */; };
		5417E22D2D5D2F69004FFB11 /* Poppins-ExtraBold.ttf in Sources */ = {isa = PBXBuildFile; fileRef = 54565D7B2D5B3E5800C85B44 /* Poppins-ExtraBold.ttf */; };
		5417E22E2D5D2F69004FFB11 /* Poppins-ExtraBoldItalic.ttf in Sources */ = {isa = PBXBuildFile; fileRef = 54565D882D5B3E5800C85B44 /* Poppins-ExtraBoldItalic.ttf */; };
		5417E22F2D5D2F69004FFB11 /* Poppins-ExtraLight.ttf in Sources */ = {isa = PBXBuildFile; fileRef = 54565D762D5B3E5800C85B44 /* Poppins-ExtraLight.ttf */; };
		5417E2302D5D2F69004FFB11 /* Poppins-ExtraLightItalic.ttf in Sources */ = {isa = PBXBuildFile; fileRef = 54565D812D5B3E5800C85B44 /* Poppins-ExtraLightItalic.ttf */; };
		5417E2312D5D2F69004FFB11 /* Poppins-Italic.ttf in Sources */ = {isa = PBXBuildFile; fileRef = 54565D7A2D5B3E5800C85B44 /* Poppins-Italic.ttf */; };
		5417E2322D5D2F69004FFB11 /* Poppins-Light.ttf in Sources */ = {isa = PBXBuildFile; fileRef = 54565D8C2D5B3E5800C85B44 /* Poppins-Light.ttf */; };
		5417E2332D5D2F69004FFB11 /* Poppins-LightItalic.ttf in Sources */ = {isa = PBXBuildFile; fileRef = 54565D752D5B3E5800C85B44 /* Poppins-LightItalic.ttf */; };
		5417E2342D5D2F69004FFB11 /* Poppins-Medium.ttf in Sources */ = {isa = PBXBuildFile; fileRef = 54565D872D5B3E5800C85B44 /* Poppins-Medium.ttf */; };
		5417E2352D5D2F69004FFB11 /* Poppins-MediumItalic.ttf in Sources */ = {isa = PBXBuildFile; fileRef = 54565D732D5B3E5800C85B44 /* Poppins-MediumItalic.ttf */; };
		5417E2362D5D2F69004FFB11 /* Poppins-Regular.ttf in Sources */ = {isa = PBXBuildFile; fileRef = 54565D902D5B3E5800C85B44 /* Poppins-Regular.ttf */; };
		5417E2372D5D2F69004FFB11 /* Poppins-SemiBold.ttf in Sources */ = {isa = PBXBuildFile; fileRef = 54565D7C2D5B3E5800C85B44 /* Poppins-SemiBold.ttf */; };
		5417E2382D5D2F69004FFB11 /* Poppins-SemiBoldItalic.ttf in Sources */ = {isa = PBXBuildFile; fileRef = 54565D792D5B3E5800C85B44 /* Poppins-SemiBoldItalic.ttf */; };
		5417E2392D5D2F69004FFB11 /* Poppins-Thin.ttf in Sources */ = {isa = PBXBuildFile; fileRef = 54565D7F2D5B3E5800C85B44 /* Poppins-Thin.ttf */; };
		5417E23A2D5D2F69004FFB11 /* Poppins-ThinItalic.ttf in Sources */ = {isa = PBXBuildFile; fileRef = 54565D832D5B3E5800C85B44 /* Poppins-ThinItalic.ttf */; };
		5417E23B2D5D2F69004FFB11 /* Roboto-Black.ttf in Sources */ = {isa = PBXBuildFile; fileRef = 54565D852D5B3E5800C85B44 /* Roboto-Black.ttf */; };
		5417E23C2D5D2F69004FFB11 /* Roboto-BlackItalic.ttf in Sources */ = {isa = PBXBuildFile; fileRef = 54565D822D5B3E5800C85B44 /* Roboto-BlackItalic.ttf */; };
		5417E23D2D5D2F69004FFB11 /* Roboto-Bold.ttf in Sources */ = {isa = PBXBuildFile; fileRef = 54565D8F2D5B3E5800C85B44 /* Roboto-Bold.ttf */; };
		5417E23E2D5D2F69004FFB11 /* Roboto-BoldItalic.ttf in Sources */ = {isa = PBXBuildFile; fileRef = 54565D8A2D5B3E5800C85B44 /* Roboto-BoldItalic.ttf */; };
		5417E23F2D5D2F69004FFB11 /* Roboto-Italic.ttf in Sources */ = {isa = PBXBuildFile; fileRef = 54565D8B2D5B3E5800C85B44 /* Roboto-Italic.ttf */; };
		5417E2402D5D2F69004FFB11 /* Roboto-Light.ttf in Sources */ = {isa = PBXBuildFile; fileRef = 54565D862D5B3E5800C85B44 /* Roboto-Light.ttf */; };
		5417E2412D5D2F69004FFB11 /* Roboto-LightItalic.ttf in Sources */ = {isa = PBXBuildFile; fileRef = 54565D742D5B3E5800C85B44 /* Roboto-LightItalic.ttf */; };
		5417E2422D5D2F69004FFB11 /* Roboto-Medium.ttf in Sources */ = {isa = PBXBuildFile; fileRef = 54565D772D5B3E5800C85B44 /* Roboto-Medium.ttf */; };
		5417E2432D5D2F69004FFB11 /* Roboto-MediumItalic.ttf in Sources */ = {isa = PBXBuildFile; fileRef = 54565D8D2D5B3E5800C85B44 /* Roboto-MediumItalic.ttf */; };
		5417E2442D5D2F69004FFB11 /* Roboto-Regular.ttf in Sources */ = {isa = PBXBuildFile; fileRef = 54565D892D5B3E5800C85B44 /* Roboto-Regular.ttf */; };
		5417E2452D5D2F69004FFB11 /* Roboto-Thin.ttf in Sources */ = {isa = PBXBuildFile; fileRef = 54565D782D5B3E5800C85B44 /* Roboto-Thin.ttf */; };
		5417E2462D5D2F69004FFB11 /* Roboto-ThinItalic.ttf in Sources */ = {isa = PBXBuildFile; fileRef = 54565D842D5B3E5800C85B44 /* Roboto-ThinItalic.ttf */; };
		54565D722D5AB76B00C85B44 /* GoogleService-Info.plist in Resources */ = {isa = PBXBuildFile; fileRef = 54565D712D5AB76B00C85B44 /* GoogleService-Info.plist */; };
		54565D912D5B3E5800C85B44 /* Poppins-MediumItalic.ttf in Resources */ = {isa = PBXBuildFile; fileRef = 54565D732D5B3E5800C85B44 /* Poppins-MediumItalic.ttf */; };
		54565D922D5B3E5800C85B44 /* Roboto-LightItalic.ttf in Resources */ = {isa = PBXBuildFile; fileRef = 54565D742D5B3E5800C85B44 /* Roboto-LightItalic.ttf */; };
		54565D932D5B3E5800C85B44 /* Poppins-LightItalic.ttf in Resources */ = {isa = PBXBuildFile; fileRef = 54565D752D5B3E5800C85B44 /* Poppins-LightItalic.ttf */; };
		54565D942D5B3E5800C85B44 /* Poppins-ExtraLight.ttf in Resources */ = {isa = PBXBuildFile; fileRef = 54565D762D5B3E5800C85B44 /* Poppins-ExtraLight.ttf */; };
		54565D952D5B3E5800C85B44 /* Roboto-Medium.ttf in Resources */ = {isa = PBXBuildFile; fileRef = 54565D772D5B3E5800C85B44 /* Roboto-Medium.ttf */; };
		54565D962D5B3E5800C85B44 /* Roboto-Thin.ttf in Resources */ = {isa = PBXBuildFile; fileRef = 54565D782D5B3E5800C85B44 /* Roboto-Thin.ttf */; };
		54565D972D5B3E5800C85B44 /* Poppins-SemiBoldItalic.ttf in Resources */ = {isa = PBXBuildFile; fileRef = 54565D792D5B3E5800C85B44 /* Poppins-SemiBoldItalic.ttf */; };
		54565D982D5B3E5800C85B44 /* Poppins-Italic.ttf in Resources */ = {isa = PBXBuildFile; fileRef = 54565D7A2D5B3E5800C85B44 /* Poppins-Italic.ttf */; };
		54565D992D5B3E5800C85B44 /* Poppins-ExtraBold.ttf in Resources */ = {isa = PBXBuildFile; fileRef = 54565D7B2D5B3E5800C85B44 /* Poppins-ExtraBold.ttf */; };
		54565D9A2D5B3E5800C85B44 /* Poppins-SemiBold.ttf in Resources */ = {isa = PBXBuildFile; fileRef = 54565D7C2D5B3E5800C85B44 /* Poppins-SemiBold.ttf */; };
		54565D9B2D5B3E5800C85B44 /* Poppins-Black.ttf in Resources */ = {isa = PBXBuildFile; fileRef = 54565D7D2D5B3E5800C85B44 /* Poppins-Black.ttf */; };
		54565D9C2D5B3E5800C85B44 /* Poppins-BlackItalic.ttf in Resources */ = {isa = PBXBuildFile; fileRef = 54565D7E2D5B3E5800C85B44 /* Poppins-BlackItalic.ttf */; };
		54565D9D2D5B3E5800C85B44 /* Poppins-Thin.ttf in Resources */ = {isa = PBXBuildFile; fileRef = 54565D7F2D5B3E5800C85B44 /* Poppins-Thin.ttf */; };
		54565D9E2D5B3E5800C85B44 /* Poppins-BoldItalic.ttf in Resources */ = {isa = PBXBuildFile; fileRef = 54565D802D5B3E5800C85B44 /* Poppins-BoldItalic.ttf */; };
		54565D9F2D5B3E5800C85B44 /* Poppins-ExtraLightItalic.ttf in Resources */ = {isa = PBXBuildFile; fileRef = 54565D812D5B3E5800C85B44 /* Poppins-ExtraLightItalic.ttf */; };
		54565DA02D5B3E5800C85B44 /* Roboto-BlackItalic.ttf in Resources */ = {isa = PBXBuildFile; fileRef = 54565D822D5B3E5800C85B44 /* Roboto-BlackItalic.ttf */; };
		54565DA12D5B3E5800C85B44 /* Poppins-ThinItalic.ttf in Resources */ = {isa = PBXBuildFile; fileRef = 54565D832D5B3E5800C85B44 /* Poppins-ThinItalic.ttf */; };
		54565DA22D5B3E5800C85B44 /* Roboto-ThinItalic.ttf in Resources */ = {isa = PBXBuildFile; fileRef = 54565D842D5B3E5800C85B44 /* Roboto-ThinItalic.ttf */; };
		54565DA32D5B3E5800C85B44 /* Roboto-Black.ttf in Resources */ = {isa = PBXBuildFile; fileRef = 54565D852D5B3E5800C85B44 /* Roboto-Black.ttf */; };
		54565DA42D5B3E5800C85B44 /* Roboto-Light.ttf in Resources */ = {isa = PBXBuildFile; fileRef = 54565D862D5B3E5800C85B44 /* Roboto-Light.ttf */; };
		54565DA52D5B3E5800C85B44 /* Poppins-Medium.ttf in Resources */ = {isa = PBXBuildFile; fileRef = 54565D872D5B3E5800C85B44 /* Poppins-Medium.ttf */; };
		54565DA62D5B3E5800C85B44 /* Poppins-ExtraBoldItalic.ttf in Resources */ = {isa = PBXBuildFile; fileRef = 54565D882D5B3E5800C85B44 /* Poppins-ExtraBoldItalic.ttf */; };
		54565DA72D5B3E5800C85B44 /* Roboto-Regular.ttf in Resources */ = {isa = PBXBuildFile; fileRef = 54565D892D5B3E5800C85B44 /* Roboto-Regular.ttf */; };
		54565DA82D5B3E5800C85B44 /* Roboto-BoldItalic.ttf in Resources */ = {isa = PBXBuildFile; fileRef = 54565D8A2D5B3E5800C85B44 /* Roboto-BoldItalic.ttf */; };
		54565DA92D5B3E5800C85B44 /* Roboto-Italic.ttf in Resources */ = {isa = PBXBuildFile; fileRef = 54565D8B2D5B3E5800C85B44 /* Roboto-Italic.ttf */; };
		54565DAA2D5B3E5800C85B44 /* Poppins-Light.ttf in Resources */ = {isa = PBXBuildFile; fileRef = 54565D8C2D5B3E5800C85B44 /* Poppins-Light.ttf */; };
		54565DAB2D5B3E5800C85B44 /* Roboto-MediumItalic.ttf in Resources */ = {isa = PBXBuildFile; fileRef = 54565D8D2D5B3E5800C85B44 /* Roboto-MediumItalic.ttf */; };
		54565DAC2D5B3E5800C85B44 /* Poppins-Bold.ttf in Resources */ = {isa = PBXBuildFile; fileRef = 54565D8E2D5B3E5800C85B44 /* Poppins-Bold.ttf */; };
		54565DAD2D5B3E5800C85B44 /* Roboto-Bold.ttf in Resources */ = {isa = PBXBuildFile; fileRef = 54565D8F2D5B3E5800C85B44 /* Roboto-Bold.ttf */; };
		54565DAE2D5B3E5800C85B44 /* Poppins-Regular.ttf in Resources */ = {isa = PBXBuildFile; fileRef = 54565D902D5B3E5800C85B44 /* Poppins-Regular.ttf */; };
		81AB9BB82411601600AC10FF /* LaunchScreen.storyboard in Resources */ = {isa = PBXBuildFile; fileRef = 81AB9BB72411601600AC10FF /* LaunchScreen.storyboard */; };
		87F08C4B10F0C6E5FFEBCBA9 /* Pods_Biostasis_BiostasisTests.framework in Frameworks */ = {isa = PBXBuildFile; fileRef = 5BF0F61D7E47BF84AC80C4E4 /* Pods_Biostasis_BiostasisTests.framework */; };
		B9A3C546BADCEDDF10B08D59 /* Pods_Biostasis.framework in Frameworks */ = {isa = PBXBuildFile; fileRef = 1E25FA1ABE317B26159981A0 /* Pods_Biostasis.framework */; };
		C718526A2E9C0AF600796E3E /* BackgroundHealthChecker.swift in Sources */ = {isa = PBXBuildFile; fileRef = C71852692E9C0AF000796E3E /* BackgroundHealthChecker.swift */; };
		C71852742EA6E89600796E3E /* BLEManager.swift in Sources */ = {isa = PBXBuildFile; fileRef = C71852732EA6E88B00796E3E /* BLEManager.swift */; };
		C7B021C02E29496B0024E32C /* RefreshTokenRO.swift in Sources */ = {isa = PBXBuildFile; fileRef = C7B021BC2E29496B0024E32C /* RefreshTokenRO.swift */; };
		C7B021C12E29496B0024E32C /* UserModel.swift in Sources */ = {isa = PBXBuildFile; fileRef = C7B021BD2E29496B0024E32C /* UserModel.swift */; };
		C7B021C22E29496B0024E32C /* HealthKitManager.swift in Sources */ = {isa = PBXBuildFile; fileRef = C7B021AF2E29496B0024E32C /* HealthKitManager.swift */; };
		C7B021C32E29496B0024E32C /* LocalNotificationManager.swift in Sources */ = {isa = PBXBuildFile; fileRef = C7B021B02E29496B0024E32C /* LocalNotificationManager.swift */; };
		C7B021C42E29496B0024E32C /* apiModels.swift in Sources */ = {isa = PBXBuildFile; fileRef = C7B021B92E29496B0024E32C /* apiModels.swift */; };
		C7B021C52E29496B0024E32C /* EmergencySettingsModel.swift in Sources */ = {isa = PBXBuildFile; fileRef = C7B021BA2E29496B0024E32C /* EmergencySettingsModel.swift */; };
		C7B021C62E29496B0024E32C /* HealthKitDataHandler.swift in Sources */ = {isa = PBXBuildFile; fileRef = C7B021AE2E29496B0024E32C /* HealthKitDataHandler.swift */; };
		C7B021C72E29496B0024E32C /* NetworkingManager.swift in Sources */ = {isa = PBXBuildFile; fileRef = C7B021B42E29496B0024E32C /* NetworkingManager.swift */; };
		C7B021C82E29496B0024E32C /* TimeManager.swift in Sources */ = {isa = PBXBuildFile; fileRef = C7B021B72E29496B0024E32C /* TimeManager.swift */; };
		C7B021C92E29496B0024E32C /* NativeManagerSingleton.swift in Sources */ = {isa = PBXBuildFile; fileRef = C7B021B32E29496B0024E32C /* NativeManagerSingleton.swift */; };
		C7B021CA2E29496B0024E32C /* PersistentStorageManager.swift in Sources */ = {isa = PBXBuildFile; fileRef = C7B021B52E29496B0024E32C /* PersistentStorageManager.swift */; };
		C7B021CB2E29496B0024E32C /* RecommendationSystemManage.swift in Sources */ = {isa = PBXBuildFile; fileRef = C7B021B62E29496B0024E32C /* RecommendationSystemManage.swift */; };
		C7B021CC2E29496B0024E32C /* NativeManager.swift in Sources */ = {isa = PBXBuildFile; fileRef = C7B021B22E29496B0024E32C /* NativeManager.swift */; };
		C7B021CD2E29496B0024E32C /* LocationManager.swift in Sources */ = {isa = PBXBuildFile; fileRef = C7B021B12E29496B0024E32C /* LocationManager.swift */; };
		C7B021CE2E29496B0024E32C /* HealthDataModel.swift in Sources */ = {isa = PBXBuildFile; fileRef = C7B021BB2E29496B0024E32C /* HealthDataModel.swift */; };
		C7B021D02E294D210024E32C /* NativeManagerBridge.m in Sources */ = {isa = PBXBuildFile; fileRef = C7B021CF2E294D210024E32C /* NativeManagerBridge.m */; };
		C7F57EF22E2E5579008ABA99 /* NativeManagerEmitter.swift in Sources */ = {isa = PBXBuildFile; fileRef = C7F57EF12E2E5579008ABA99 /* NativeManagerEmitter.swift */; };
		D09362A92CB91525797F07CF /* PrivacyInfo.xcprivacy in Resources */ = {isa = PBXBuildFile; fileRef = 13B07FB81A68108700A75B9A /* PrivacyInfo.xcprivacy */; };
/* End PBXBuildFile section */

/* Begin PBXContainerItemProxy section */
		00E356F41AD99517003FC87E /* PBXContainerItemProxy */ = {
			isa = PBXContainerItemProxy;
			containerPortal = 83CBB9F71A601CBA00E9B192 /* Project object */;
			proxyType = 1;
			remoteGlobalIDString = 13B07F861A680F5B00A75B9A;
			remoteInfo = Biostasis;
		};
/* End PBXContainerItemProxy section */

/* Begin PBXFileReference section */
		00E356EE1AD99517003FC87E /* BiostasisTests.xctest */ = {isa = PBXFileReference; explicitFileType = wrapper.cfbundle; includeInIndex = 0; path = BiostasisTests.xctest; sourceTree = BUILT_PRODUCTS_DIR; };
		00E356F11AD99517003FC87E /* Info.plist */ = {isa = PBXFileReference; lastKnownFileType = text.plist.xml; path = Info.plist; sourceTree = "<group>"; };
		00E356F21AD99517003FC87E /* BiostasisTests.m */ = {isa = PBXFileReference; lastKnownFileType = sourcecode.c.objc; path = BiostasisTests.m; sourceTree = "<group>"; };
		13B07F961A680F5B00A75B9A /* Biostasis.app */ = {isa = PBXFileReference; explicitFileType = wrapper.application; includeInIndex = 0; path = Biostasis.app; sourceTree = BUILT_PRODUCTS_DIR; };
		13B07FAF1A68108700A75B9A /* AppDelegate.h */ = {isa = PBXFileReference; fileEncoding = 4; lastKnownFileType = sourcecode.c.h; name = AppDelegate.h; path = Biostasis/AppDelegate.h; sourceTree = "<group>"; };
		13B07FB01A68108700A75B9A /* AppDelegate.mm */ = {isa = PBXFileReference; fileEncoding = 4; lastKnownFileType = sourcecode.cpp.objcpp; name = AppDelegate.mm; path = Biostasis/AppDelegate.mm; sourceTree = "<group>"; };
		13B07FB51A68108700A75B9A /* Images.xcassets */ = {isa = PBXFileReference; lastKnownFileType = folder.assetcatalog; name = Images.xcassets; path = Biostasis/Images.xcassets; sourceTree = "<group>"; };
		13B07FB61A68108700A75B9A /* Info.plist */ = {isa = PBXFileReference; fileEncoding = 4; lastKnownFileType = text.plist.xml; name = Info.plist; path = Biostasis/Info.plist; sourceTree = "<group>"; };
		13B07FB71A68108700A75B9A /* main.m */ = {isa = PBXFileReference; fileEncoding = 4; lastKnownFileType = sourcecode.c.objc; name = main.m; path = Biostasis/main.m; sourceTree = "<group>"; };
		13B07FB81A68108700A75B9A /* PrivacyInfo.xcprivacy */ = {isa = PBXFileReference; fileEncoding = 4; lastKnownFileType = text.plist.xml; name = PrivacyInfo.xcprivacy; path = Biostasis/PrivacyInfo.xcprivacy; sourceTree = "<group>"; };
		1E25FA1ABE317B26159981A0 /* Pods_Biostasis.framework */ = {isa = PBXFileReference; explicitFileType = wrapper.framework; includeInIndex = 0; path = Pods_Biostasis.framework; sourceTree = BUILT_PRODUCTS_DIR; };
		5417E2282D5D2191004FFB11 /* BiostasisDebug.entitlements */ = {isa = PBXFileReference; lastKnownFileType = text.plist.entitlements; name = BiostasisDebug.entitlements; path = Biostasis/BiostasisDebug.entitlements; sourceTree = "<group>"; };
		54565D712D5AB76B00C85B44 /* GoogleService-Info.plist */ = {isa = PBXFileReference; lastKnownFileType = text.plist.xml; path = "GoogleService-Info.plist"; sourceTree = "<group>"; };
		54565D732D5B3E5800C85B44 /* Poppins-MediumItalic.ttf */ = {isa = PBXFileReference; lastKnownFileType = file; name = "Poppins-MediumItalic.ttf"; path = "../assets/fonts/Poppins-MediumItalic.ttf"; sourceTree = "<group>"; };
		54565D742D5B3E5800C85B44 /* Roboto-LightItalic.ttf */ = {isa = PBXFileReference; lastKnownFileType = file; name = "Roboto-LightItalic.ttf"; path = "../assets/fonts/Roboto-LightItalic.ttf"; sourceTree = "<group>"; };
		54565D752D5B3E5800C85B44 /* Poppins-LightItalic.ttf */ = {isa = PBXFileReference; lastKnownFileType = file; name = "Poppins-LightItalic.ttf"; path = "../assets/fonts/Poppins-LightItalic.ttf"; sourceTree = "<group>"; };
		54565D762D5B3E5800C85B44 /* Poppins-ExtraLight.ttf */ = {isa = PBXFileReference; lastKnownFileType = file; name = "Poppins-ExtraLight.ttf"; path = "../assets/fonts/Poppins-ExtraLight.ttf"; sourceTree = "<group>"; };
		54565D772D5B3E5800C85B44 /* Roboto-Medium.ttf */ = {isa = PBXFileReference; lastKnownFileType = file; name = "Roboto-Medium.ttf"; path = "../assets/fonts/Roboto-Medium.ttf"; sourceTree = "<group>"; };
		54565D782D5B3E5800C85B44 /* Roboto-Thin.ttf */ = {isa = PBXFileReference; lastKnownFileType = file; name = "Roboto-Thin.ttf"; path = "../assets/fonts/Roboto-Thin.ttf"; sourceTree = "<group>"; };
		54565D792D5B3E5800C85B44 /* Poppins-SemiBoldItalic.ttf */ = {isa = PBXFileReference; lastKnownFileType = file; name = "Poppins-SemiBoldItalic.ttf"; path = "../assets/fonts/Poppins-SemiBoldItalic.ttf"; sourceTree = "<group>"; };
		54565D7A2D5B3E5800C85B44 /* Poppins-Italic.ttf */ = {isa = PBXFileReference; lastKnownFileType = file; name = "Poppins-Italic.ttf"; path = "../assets/fonts/Poppins-Italic.ttf"; sourceTree = "<group>"; };
		54565D7B2D5B3E5800C85B44 /* Poppins-ExtraBold.ttf */ = {isa = PBXFileReference; lastKnownFileType = file; name = "Poppins-ExtraBold.ttf"; path = "../assets/fonts/Poppins-ExtraBold.ttf"; sourceTree = "<group>"; };
		54565D7C2D5B3E5800C85B44 /* Poppins-SemiBold.ttf */ = {isa = PBXFileReference; lastKnownFileType = file; name = "Poppins-SemiBold.ttf"; path = "../assets/fonts/Poppins-SemiBold.ttf"; sourceTree = "<group>"; };
		54565D7D2D5B3E5800C85B44 /* Poppins-Black.ttf */ = {isa = PBXFileReference; lastKnownFileType = file; name = "Poppins-Black.ttf"; path = "../assets/fonts/Poppins-Black.ttf"; sourceTree = "<group>"; };
		54565D7E2D5B3E5800C85B44 /* Poppins-BlackItalic.ttf */ = {isa = PBXFileReference; lastKnownFileType = file; name = "Poppins-BlackItalic.ttf"; path = "../assets/fonts/Poppins-BlackItalic.ttf"; sourceTree = "<group>"; };
		54565D7F2D5B3E5800C85B44 /* Poppins-Thin.ttf */ = {isa = PBXFileReference; lastKnownFileType = file; name = "Poppins-Thin.ttf"; path = "../assets/fonts/Poppins-Thin.ttf"; sourceTree = "<group>"; };
		54565D802D5B3E5800C85B44 /* Poppins-BoldItalic.ttf */ = {isa = PBXFileReference; lastKnownFileType = file; name = "Poppins-BoldItalic.ttf"; path = "../assets/fonts/Poppins-BoldItalic.ttf"; sourceTree = "<group>"; };
		54565D812D5B3E5800C85B44 /* Poppins-ExtraLightItalic.ttf */ = {isa = PBXFileReference; lastKnownFileType = file; name = "Poppins-ExtraLightItalic.ttf"; path = "../assets/fonts/Poppins-ExtraLightItalic.ttf"; sourceTree = "<group>"; };
		54565D822D5B3E5800C85B44 /* Roboto-BlackItalic.ttf */ = {isa = PBXFileReference; lastKnownFileType = file; name = "Roboto-BlackItalic.ttf"; path = "../assets/fonts/Roboto-BlackItalic.ttf"; sourceTree = "<group>"; };
		54565D832D5B3E5800C85B44 /* Poppins-ThinItalic.ttf */ = {isa = PBXFileReference; lastKnownFileType = file; name = "Poppins-ThinItalic.ttf"; path = "../assets/fonts/Poppins-ThinItalic.ttf"; sourceTree = "<group>"; };
		54565D842D5B3E5800C85B44 /* Roboto-ThinItalic.ttf */ = {isa = PBXFileReference; lastKnownFileType = file; name = "Roboto-ThinItalic.ttf"; path = "../assets/fonts/Roboto-ThinItalic.ttf"; sourceTree = "<group>"; };
		54565D852D5B3E5800C85B44 /* Roboto-Black.ttf */ = {isa = PBXFileReference; lastKnownFileType = file; name = "Roboto-Black.ttf"; path = "../assets/fonts/Roboto-Black.ttf"; sourceTree = "<group>"; };
		54565D862D5B3E5800C85B44 /* Roboto-Light.ttf */ = {isa = PBXFileReference; lastKnownFileType = file; name = "Roboto-Light.ttf"; path = "../assets/fonts/Roboto-Light.ttf"; sourceTree = "<group>"; };
		54565D872D5B3E5800C85B44 /* Poppins-Medium.ttf */ = {isa = PBXFileReference; lastKnownFileType = file; name = "Poppins-Medium.ttf"; path = "../assets/fonts/Poppins-Medium.ttf"; sourceTree = "<group>"; };
		54565D882D5B3E5800C85B44 /* Poppins-ExtraBoldItalic.ttf */ = {isa = PBXFileReference; lastKnownFileType = file; name = "Poppins-ExtraBoldItalic.ttf"; path = "../assets/fonts/Poppins-ExtraBoldItalic.ttf"; sourceTree = "<group>"; };
		54565D892D5B3E5800C85B44 /* Roboto-Regular.ttf */ = {isa = PBXFileReference; lastKnownFileType = file; name = "Roboto-Regular.ttf"; path = "../assets/fonts/Roboto-Regular.ttf"; sourceTree = "<group>"; };
		54565D8A2D5B3E5800C85B44 /* Roboto-BoldItalic.ttf */ = {isa = PBXFileReference; lastKnownFileType = file; name = "Roboto-BoldItalic.ttf"; path = "../assets/fonts/Roboto-BoldItalic.ttf"; sourceTree = "<group>"; };
		54565D8B2D5B3E5800C85B44 /* Roboto-Italic.ttf */ = {isa = PBXFileReference; lastKnownFileType = file; name = "Roboto-Italic.ttf"; path = "../assets/fonts/Roboto-Italic.ttf"; sourceTree = "<group>"; };
		54565D8C2D5B3E5800C85B44 /* Poppins-Light.ttf */ = {isa = PBXFileReference; lastKnownFileType = file; name = "Poppins-Light.ttf"; path = "../assets/fonts/Poppins-Light.ttf"; sourceTree = "<group>"; };
		54565D8D2D5B3E5800C85B44 /* Roboto-MediumItalic.ttf */ = {isa = PBXFileReference; lastKnownFileType = file; name = "Roboto-MediumItalic.ttf"; path = "../assets/fonts/Roboto-MediumItalic.ttf"; sourceTree = "<group>"; };
		54565D8E2D5B3E5800C85B44 /* Poppins-Bold.ttf */ = {isa = PBXFileReference; lastKnownFileType = file; name = "Poppins-Bold.ttf"; path = "../assets/fonts/Poppins-Bold.ttf"; sourceTree = "<group>"; };
		54565D8F2D5B3E5800C85B44 /* Roboto-Bold.ttf */ = {isa = PBXFileReference; lastKnownFileType = file; name = "Roboto-Bold.ttf"; path = "../assets/fonts/Roboto-Bold.ttf"; sourceTree = "<group>"; };
		54565D902D5B3E5800C85B44 /* Poppins-Regular.ttf */ = {isa = PBXFileReference; lastKnownFileType = file; name = "Poppins-Regular.ttf"; path = "../assets/fonts/Poppins-Regular.ttf"; sourceTree = "<group>"; };
		54A896042D5C0A2F00591E43 /* BiostasisRelease.entitlements */ = {isa = PBXFileReference; lastKnownFileType = text.plist.entitlements; name = BiostasisRelease.entitlements; path = Biostasis/BiostasisRelease.entitlements; sourceTree = "<group>"; };
		54CB30262E12FA4600E8E404 /* Biostasis-Bridging-Header.h */ = {isa = PBXFileReference; lastKnownFileType = sourcecode.c.h; path = "Biostasis-Bridging-Header.h"; sourceTree = "<group>"; };
		54CB302A2E12FACA00E8E404 /* Biostasis-Bridging-Header.h */ = {isa = PBXFileReference; lastKnownFileType = sourcecode.c.h; path = "Biostasis-Bridging-Header.h"; sourceTree = "<group>"; };
		5BF0F61D7E47BF84AC80C4E4 /* Pods_Biostasis_BiostasisTests.framework */ = {isa = PBXFileReference; explicitFileType = wrapper.framework; includeInIndex = 0; path = Pods_Biostasis_BiostasisTests.framework; sourceTree = BUILT_PRODUCTS_DIR; };
		81AB9BB72411601600AC10FF /* LaunchScreen.storyboard */ = {isa = PBXFileReference; fileEncoding = 4; lastKnownFileType = file.storyboard; name = LaunchScreen.storyboard; path = Biostasis/LaunchScreen.storyboard; sourceTree = "<group>"; };
		836EAA3C3221F201C8AFD312 /* Pods-Biostasis-BiostasisTests.debug.xcconfig */ = {isa = PBXFileReference; includeInIndex = 1; lastKnownFileType = text.xcconfig; name = "Pods-Biostasis-BiostasisTests.debug.xcconfig"; path = "Target Support Files/Pods-Biostasis-BiostasisTests/Pods-Biostasis-BiostasisTests.debug.xcconfig"; sourceTree = "<group>"; };
		92DBEF26561B69ADA62D18B4 /* Pods-Biostasis.release.xcconfig */ = {isa = PBXFileReference; includeInIndex = 1; lastKnownFileType = text.xcconfig; name = "Pods-Biostasis.release.xcconfig"; path = "Target Support Files/Pods-Biostasis/Pods-Biostasis.release.xcconfig"; sourceTree = "<group>"; };
		A867E3576C96E9984062A666 /* Pods-Biostasis-BiostasisTests.release.xcconfig */ = {isa = PBXFileReference; includeInIndex = 1; lastKnownFileType = text.xcconfig; name = "Pods-Biostasis-BiostasisTests.release.xcconfig"; path = "Target Support Files/Pods-Biostasis-BiostasisTests/Pods-Biostasis-BiostasisTests.release.xcconfig"; sourceTree = "<group>"; };
		C71852692E9C0AF000796E3E /* BackgroundHealthChecker.swift */ = {isa = PBXFileReference; lastKnownFileType = sourcecode.swift; path = BackgroundHealthChecker.swift; sourceTree = "<group>"; };
		C718526B2E9C25B600796E3E /* NativeManagerSingleton.h */ = {isa = PBXFileReference; lastKnownFileType = sourcecode.c.h; path = NativeManagerSingleton.h; sourceTree = "<group>"; };
		C71852732EA6E88B00796E3E /* BLEManager.swift */ = {isa = PBXFileReference; lastKnownFileType = sourcecode.swift; path = BLEManager.swift; sourceTree = "<group>"; };
		C7B021AE2E29496B0024E32C /* HealthKitDataHandler.swift */ = {isa = PBXFileReference; lastKnownFileType = sourcecode.swift; path = HealthKitDataHandler.swift; sourceTree = "<group>"; };
		C7B021AF2E29496B0024E32C /* HealthKitManager.swift */ = {isa = PBXFileReference; lastKnownFileType = sourcecode.swift; path = HealthKitManager.swift; sourceTree = "<group>"; };
		C7B021B02E29496B0024E32C /* LocalNotificationManager.swift */ = {isa = PBXFileReference; lastKnownFileType = sourcecode.swift; path = LocalNotificationManager.swift; sourceTree = "<group>"; };
		C7B021B12E29496B0024E32C /* LocationManager.swift */ = {isa = PBXFileReference; lastKnownFileType = sourcecode.swift; path = LocationManager.swift; sourceTree = "<group>"; };
		C7B021B22E29496B0024E32C /* NativeManager.swift */ = {isa = PBXFileReference; lastKnownFileType = sourcecode.swift; path = NativeManager.swift; sourceTree = "<group>"; };
		C7B021B32E29496B0024E32C /* NativeManagerSingleton.swift */ = {isa = PBXFileReference; lastKnownFileType = sourcecode.swift; path = NativeManagerSingleton.swift; sourceTree = "<group>"; };
		C7B021B42E29496B0024E32C /* NetworkingManager.swift */ = {isa = PBXFileReference; lastKnownFileType = sourcecode.swift; path = NetworkingManager.swift; sourceTree = "<group>"; };
		C7B021B52E29496B0024E32C /* PersistentStorageManager.swift */ = {isa = PBXFileReference; lastKnownFileType = sourcecode.swift; path = PersistentStorageManager.swift; sourceTree = "<group>"; };
		C7B021B62E29496B0024E32C /* RecommendationSystemManage.swift */ = {isa = PBXFileReference; lastKnownFileType = sourcecode.swift; path = RecommendationSystemManage.swift; sourceTree = "<group>"; };
		C7B021B72E29496B0024E32C /* TimeManager.swift */ = {isa = PBXFileReference; lastKnownFileType = sourcecode.swift; path = TimeManager.swift; sourceTree = "<group>"; };
		C7B021B92E29496B0024E32C /* apiModels.swift */ = {isa = PBXFileReference; lastKnownFileType = sourcecode.swift; path = apiModels.swift; sourceTree = "<group>"; };
		C7B021BA2E29496B0024E32C /* EmergencySettingsModel.swift */ = {isa = PBXFileReference; lastKnownFileType = sourcecode.swift; path = EmergencySettingsModel.swift; sourceTree = "<group>"; };
		C7B021BB2E29496B0024E32C /* HealthDataModel.swift */ = {isa = PBXFileReference; lastKnownFileType = sourcecode.swift; path = HealthDataModel.swift; sourceTree = "<group>"; };
		C7B021BC2E29496B0024E32C /* RefreshTokenRO.swift */ = {isa = PBXFileReference; lastKnownFileType = sourcecode.swift; path = RefreshTokenRO.swift; sourceTree = "<group>"; };
		C7B021BD2E29496B0024E32C /* UserModel.swift */ = {isa = PBXFileReference; lastKnownFileType = sourcecode.swift; path = UserModel.swift; sourceTree = "<group>"; };
		C7B021CF2E294D210024E32C /* NativeManagerBridge.m */ = {isa = PBXFileReference; lastKnownFileType = sourcecode.c.objc; path = NativeManagerBridge.m; sourceTree = "<group>"; };
		C7F57EF12E2E5579008ABA99 /* NativeManagerEmitter.swift */ = {isa = PBXFileReference; lastKnownFileType = sourcecode.swift; path = NativeManagerEmitter.swift; sourceTree = "<group>"; };
		ED297162215061F000B7C4FE /* JavaScriptCore.framework */ = {isa = PBXFileReference; lastKnownFileType = wrapper.framework; name = JavaScriptCore.framework; path = System/Library/Frameworks/JavaScriptCore.framework; sourceTree = SDKROOT; };
		F77A44E0EF4A0959611D3D87 /* Pods-Biostasis.debug.xcconfig */ = {isa = PBXFileReference; includeInIndex = 1; lastKnownFileType = text.xcconfig; name = "Pods-Biostasis.debug.xcconfig"; path = "Target Support Files/Pods-Biostasis/Pods-Biostasis.debug.xcconfig"; sourceTree = "<group>"; };
/* End PBXFileReference section */

/* Begin PBXFrameworksBuildPhase section */
		00E356EB1AD99517003FC87E /* Frameworks */ = {
			isa = PBXFrameworksBuildPhase;
			buildActionMask = 2147483647;
			files = (
				87F08C4B10F0C6E5FFEBCBA9 /* Pods_Biostasis_BiostasisTests.framework in Frameworks */,
			);
			runOnlyForDeploymentPostprocessing = 0;
		};
		13B07F8C1A680F5B00A75B9A /* Frameworks */ = {
			isa = PBXFrameworksBuildPhase;
			buildActionMask = 2147483647;
			files = (
				B9A3C546BADCEDDF10B08D59 /* Pods_Biostasis.framework in Frameworks */,
			);
			runOnlyForDeploymentPostprocessing = 0;
		};
/* End PBXFrameworksBuildPhase section */

/* Begin PBXGroup section */
		00E356EF1AD99517003FC87E /* BiostasisTests */ = {
			isa = PBXGroup;
			children = (
				00E356F21AD99517003FC87E /* BiostasisTests.m */,
				00E356F01AD99517003FC87E /* Supporting Files */,
			);
			path = BiostasisTests;
			sourceTree = "<group>";
		};
		00E356F01AD99517003FC87E /* Supporting Files */ = {
			isa = PBXGroup;
			children = (
				00E356F11AD99517003FC87E /* Info.plist */,
			);
			name = "Supporting Files";
			sourceTree = "<group>";
		};
		13B07FAE1A68108700A75B9A /* Biostasis */ = {
			isa = PBXGroup;
			children = (
				5417E2282D5D2191004FFB11 /* BiostasisDebug.entitlements */,
				54A896042D5C0A2F00591E43 /* BiostasisRelease.entitlements */,
				13B07FAF1A68108700A75B9A /* AppDelegate.h */,
				13B07FB01A68108700A75B9A /* AppDelegate.mm */,
				13B07FB51A68108700A75B9A /* Images.xcassets */,
				13B07FB61A68108700A75B9A /* Info.plist */,
				81AB9BB72411601600AC10FF /* LaunchScreen.storyboard */,
				13B07FB71A68108700A75B9A /* main.m */,
				13B07FB81A68108700A75B9A /* PrivacyInfo.xcprivacy */,
			);
			name = Biostasis;
			sourceTree = "<group>";
		};
		2D16E6871FA4F8E400B85C8A /* Frameworks */ = {
			isa = PBXGroup;
			children = (
				ED297162215061F000B7C4FE /* JavaScriptCore.framework */,
				1E25FA1ABE317B26159981A0 /* Pods_Biostasis.framework */,
				5BF0F61D7E47BF84AC80C4E4 /* Pods_Biostasis_BiostasisTests.framework */,
			);
			name = Frameworks;
			sourceTree = "<group>";
		};
		54CB304A2E146F3900E8E404 /* New Group 2 */ = {
			isa = PBXGroup;
			children = (
			);
			path = "New Group 2";
			sourceTree = "<group>";
		};
		832341AE1AAA6A7D00B99B32 /* Libraries */ = {
			isa = PBXGroup;
			children = (
			);
			name = Libraries;
			sourceTree = "<group>";
		};
		83CBB9F61A601CBA00E9B192 = {
			isa = PBXGroup;
			children = (
				C7B021CF2E294D210024E32C /* NativeManagerBridge.m */,
				C7B021BF2E29496B0024E32C /* Native */,
				54CB304A2E146F3900E8E404 /* New Group 2 */,
				54CB30262E12FA4600E8E404 /* Biostasis-Bridging-Header.h */,
				54565D7D2D5B3E5800C85B44 /* Poppins-Black.ttf */,
				54565D7E2D5B3E5800C85B44 /* Poppins-BlackItalic.ttf */,
				54565D8E2D5B3E5800C85B44 /* Poppins-Bold.ttf */,
				54565D802D5B3E5800C85B44 /* Poppins-BoldItalic.ttf */,
				54565D7B2D5B3E5800C85B44 /* Poppins-ExtraBold.ttf */,
				54565D882D5B3E5800C85B44 /* Poppins-ExtraBoldItalic.ttf */,
				54565D762D5B3E5800C85B44 /* Poppins-ExtraLight.ttf */,
				54565D812D5B3E5800C85B44 /* Poppins-ExtraLightItalic.ttf */,
				54565D7A2D5B3E5800C85B44 /* Poppins-Italic.ttf */,
				54565D8C2D5B3E5800C85B44 /* Poppins-Light.ttf */,
				54565D752D5B3E5800C85B44 /* Poppins-LightItalic.ttf */,
				54565D872D5B3E5800C85B44 /* Poppins-Medium.ttf */,
				54565D732D5B3E5800C85B44 /* Poppins-MediumItalic.ttf */,
				54565D902D5B3E5800C85B44 /* Poppins-Regular.ttf */,
				54565D7C2D5B3E5800C85B44 /* Poppins-SemiBold.ttf */,
				54565D792D5B3E5800C85B44 /* Poppins-SemiBoldItalic.ttf */,
				54565D7F2D5B3E5800C85B44 /* Poppins-Thin.ttf */,
				54565D832D5B3E5800C85B44 /* Poppins-ThinItalic.ttf */,
				54565D852D5B3E5800C85B44 /* Roboto-Black.ttf */,
				54565D822D5B3E5800C85B44 /* Roboto-BlackItalic.ttf */,
				54565D8F2D5B3E5800C85B44 /* Roboto-Bold.ttf */,
				54565D8A2D5B3E5800C85B44 /* Roboto-BoldItalic.ttf */,
				54565D8B2D5B3E5800C85B44 /* Roboto-Italic.ttf */,
				54565D862D5B3E5800C85B44 /* Roboto-Light.ttf */,
				54565D742D5B3E5800C85B44 /* Roboto-LightItalic.ttf */,
				54565D772D5B3E5800C85B44 /* Roboto-Medium.ttf */,
				54565D8D2D5B3E5800C85B44 /* Roboto-MediumItalic.ttf */,
				54565D892D5B3E5800C85B44 /* Roboto-Regular.ttf */,
				54565D782D5B3E5800C85B44 /* Roboto-Thin.ttf */,
				54565D842D5B3E5800C85B44 /* Roboto-ThinItalic.ttf */,
				54565D712D5AB76B00C85B44 /* GoogleService-Info.plist */,
				13B07FAE1A68108700A75B9A /* Biostasis */,
				832341AE1AAA6A7D00B99B32 /* Libraries */,
				00E356EF1AD99517003FC87E /* BiostasisTests */,
				83CBBA001A601CBA00E9B192 /* Products */,
				2D16E6871FA4F8E400B85C8A /* Frameworks */,
				BBD78D7AC51CEA395F1C20DB /* Pods */,
				54CB302A2E12FACA00E8E404 /* Biostasis-Bridging-Header.h */,
			);
			indentWidth = 2;
			sourceTree = "<group>";
			tabWidth = 2;
			usesTabs = 0;
		};
		83CBBA001A601CBA00E9B192 /* Products */ = {
			isa = PBXGroup;
			children = (
				13B07F961A680F5B00A75B9A /* Biostasis.app */,
				00E356EE1AD99517003FC87E /* BiostasisTests.xctest */,
			);
			name = Products;
			sourceTree = "<group>";
		};
		BBD78D7AC51CEA395F1C20DB /* Pods */ = {
			isa = PBXGroup;
			children = (
				F77A44E0EF4A0959611D3D87 /* Pods-Biostasis.debug.xcconfig */,
				92DBEF26561B69ADA62D18B4 /* Pods-Biostasis.release.xcconfig */,
				836EAA3C3221F201C8AFD312 /* Pods-Biostasis-BiostasisTests.debug.xcconfig */,
				A867E3576C96E9984062A666 /* Pods-Biostasis-BiostasisTests.release.xcconfig */,
			);
			path = Pods;
			sourceTree = "<group>";
		};
		C7B021B82E29496B0024E32C /* Managers */ = {
			isa = PBXGroup;
			children = (
				C71852732EA6E88B00796E3E /* BLEManager.swift */,
				C718526B2E9C25B600796E3E /* NativeManagerSingleton.h */,
				C71852692E9C0AF000796E3E /* BackgroundHealthChecker.swift */,
				C7B021AE2E29496B0024E32C /* HealthKitDataHandler.swift */,
				C7B021AF2E29496B0024E32C /* HealthKitManager.swift */,
				C7B021B02E29496B0024E32C /* LocalNotificationManager.swift */,
				C7B021B12E29496B0024E32C /* LocationManager.swift */,
				C7B021B22E29496B0024E32C /* NativeManager.swift */,
				C7B021B32E29496B0024E32C /* NativeManagerSingleton.swift */,
				C7B021B42E29496B0024E32C /* NetworkingManager.swift */,
				C7B021B52E29496B0024E32C /* PersistentStorageManager.swift */,
				C7B021B62E29496B0024E32C /* RecommendationSystemManage.swift */,
				C7B021B72E29496B0024E32C /* TimeManager.swift */,
				C7F57EF12E2E5579008ABA99 /* NativeManagerEmitter.swift */,
			);
			path = Managers;
			sourceTree = "<group>";
		};
		C7B021BE2E29496B0024E32C /* Models */ = {
			isa = PBXGroup;
			children = (
				C7B021B92E29496B0024E32C /* apiModels.swift */,
				C7B021BA2E29496B0024E32C /* EmergencySettingsModel.swift */,
				C7B021BB2E29496B0024E32C /* HealthDataModel.swift */,
				C7B021BC2E29496B0024E32C /* RefreshTokenRO.swift */,
				C7B021BD2E29496B0024E32C /* UserModel.swift */,
			);
			path = Models;
			sourceTree = "<group>";
		};
		C7B021BF2E29496B0024E32C /* Native */ = {
			isa = PBXGroup;
			children = (
				C7B021B82E29496B0024E32C /* Managers */,
				C7B021BE2E29496B0024E32C /* Models */,
			);
			path = Native;
			sourceTree = "<group>";
		};
/* End PBXGroup section */

/* Begin PBXNativeTarget section */
		00E356ED1AD99517003FC87E /* BiostasisTests */ = {
			isa = PBXNativeTarget;
			buildConfigurationList = 00E357021AD99517003FC87E /* Build configuration list for PBXNativeTarget "BiostasisTests" */;
			buildPhases = (
				9C147A9BA7C5028F2ABC73F4 /* [CP] Check Pods Manifest.lock */,
				00E356EA1AD99517003FC87E /* Sources */,
				00E356EB1AD99517003FC87E /* Frameworks */,
				00E356EC1AD99517003FC87E /* Resources */,
				193C702C0E9DBFD395694B23 /* [CP] Embed Pods Frameworks */,
				CA5B06998565E73740C06F11 /* [CP] Copy Pods Resources */,
			);
			buildRules = (
			);
			dependencies = (
				00E356F51AD99517003FC87E /* PBXTargetDependency */,
			);
			name = BiostasisTests;
			productName = BiostasisTests;
			productReference = 00E356EE1AD99517003FC87E /* BiostasisTests.xctest */;
			productType = "com.apple.product-type.bundle.unit-test";
		};
		13B07F861A680F5B00A75B9A /* Biostasis */ = {
			isa = PBXNativeTarget;
			buildConfigurationList = 13B07F931A680F5B00A75B9A /* Build configuration list for PBXNativeTarget "Biostasis" */;
			buildPhases = (
				077683C03CADA76F6407AFBC /* [CP] Check Pods Manifest.lock */,
				13B07F871A680F5B00A75B9A /* Sources */,
				13B07F8C1A680F5B00A75B9A /* Frameworks */,
				13B07F8E1A680F5B00A75B9A /* Resources */,
				00DD1BFF1BD5951E006B06BC /* Bundle React Native code and images */,
				534A6CDB69CCB8C4D17594E3 /* [CP] Embed Pods Frameworks */,
				CEEC856E50B87D71E86CF6A5 /* [CP] Copy Pods Resources */,
				8135BB3C5F1AD5CF28D517F7 /* [CP-User] [RNFB] Core Configuration */,
				89E049A8E7F5992804BAD43A /* [CP-User] [RNFB] Crashlytics Configuration */,
			);
			buildRules = (
			);
			dependencies = (
			);
			name = Biostasis;
			productName = Biostasis;
			productReference = 13B07F961A680F5B00A75B9A /* Biostasis.app */;
			productType = "com.apple.product-type.application";
		};
/* End PBXNativeTarget section */

/* Begin PBXProject section */
		83CBB9F71A601CBA00E9B192 /* Project object */ = {
			isa = PBXProject;
			attributes = {
				LastUpgradeCheck = 1210;
				TargetAttributes = {
					00E356ED1AD99517003FC87E = {
						CreatedOnToolsVersion = 6.2;
						TestTargetID = 13B07F861A680F5B00A75B9A;
					};
					13B07F861A680F5B00A75B9A = {
						LastSwiftMigration = 1620;
					};
				};
			};
			buildConfigurationList = 83CBB9FA1A601CBA00E9B192 /* Build configuration list for PBXProject "Biostasis" */;
			compatibilityVersion = "Xcode 12.0";
			developmentRegion = en;
			hasScannedForEncodings = 0;
			knownRegions = (
				en,
				Base,
			);
			mainGroup = 83CBB9F61A601CBA00E9B192;
			productRefGroup = 83CBBA001A601CBA00E9B192 /* Products */;
			projectDirPath = "";
			projectRoot = "";
			targets = (
				13B07F861A680F5B00A75B9A /* Biostasis */,
				00E356ED1AD99517003FC87E /* BiostasisTests */,
			);
		};
/* End PBXProject section */

/* Begin PBXResourcesBuildPhase section */
		00E356EC1AD99517003FC87E /* Resources */ = {
			isa = PBXResourcesBuildPhase;
			buildActionMask = 2147483647;
			files = (
			);
			runOnlyForDeploymentPostprocessing = 0;
		};
		13B07F8E1A680F5B00A75B9A /* Resources */ = {
			isa = PBXResourcesBuildPhase;
			buildActionMask = 2147483647;
			files = (
				54565D912D5B3E5800C85B44 /* Poppins-MediumItalic.ttf in Resources */,
				54565D922D5B3E5800C85B44 /* Roboto-LightItalic.ttf in Resources */,
				54565D932D5B3E5800C85B44 /* Poppins-LightItalic.ttf in Resources */,
				54565D942D5B3E5800C85B44 /* Poppins-ExtraLight.ttf in Resources */,
				54565D952D5B3E5800C85B44 /* Roboto-Medium.ttf in Resources */,
				54565D962D5B3E5800C85B44 /* Roboto-Thin.ttf in Resources */,
				54565D972D5B3E5800C85B44 /* Poppins-SemiBoldItalic.ttf in Resources */,
				54565D982D5B3E5800C85B44 /* Poppins-Italic.ttf in Resources */,
				54565D992D5B3E5800C85B44 /* Poppins-ExtraBold.ttf in Resources */,
				54565D9A2D5B3E5800C85B44 /* Poppins-SemiBold.ttf in Resources */,
				54565D9B2D5B3E5800C85B44 /* Poppins-Black.ttf in Resources */,
				54565D9C2D5B3E5800C85B44 /* Poppins-BlackItalic.ttf in Resources */,
				54565D9D2D5B3E5800C85B44 /* Poppins-Thin.ttf in Resources */,
				54565D9E2D5B3E5800C85B44 /* Poppins-BoldItalic.ttf in Resources */,
				54565D9F2D5B3E5800C85B44 /* Poppins-ExtraLightItalic.ttf in Resources */,
				54565DA02D5B3E5800C85B44 /* Roboto-BlackItalic.ttf in Resources */,
				54565DA12D5B3E5800C85B44 /* Poppins-ThinItalic.ttf in Resources */,
				54565DA22D5B3E5800C85B44 /* Roboto-ThinItalic.ttf in Resources */,
				54565DA32D5B3E5800C85B44 /* Roboto-Black.ttf in Resources */,
				54565DA42D5B3E5800C85B44 /* Roboto-Light.ttf in Resources */,
				54565DA52D5B3E5800C85B44 /* Poppins-Medium.ttf in Resources */,
				54565DA62D5B3E5800C85B44 /* Poppins-ExtraBoldItalic.ttf in Resources */,
				54565DA72D5B3E5800C85B44 /* Roboto-Regular.ttf in Resources */,
				54565DA82D5B3E5800C85B44 /* Roboto-BoldItalic.ttf in Resources */,
				54565DA92D5B3E5800C85B44 /* Roboto-Italic.ttf in Resources */,
				54565DAA2D5B3E5800C85B44 /* Poppins-Light.ttf in Resources */,
				54565DAB2D5B3E5800C85B44 /* Roboto-MediumItalic.ttf in Resources */,
				54565DAC2D5B3E5800C85B44 /* Poppins-Bold.ttf in Resources */,
				54565DAD2D5B3E5800C85B44 /* Roboto-Bold.ttf in Resources */,
				54565DAE2D5B3E5800C85B44 /* Poppins-Regular.ttf in Resources */,
				54565D722D5AB76B00C85B44 /* GoogleService-Info.plist in Resources */,
				81AB9BB82411601600AC10FF /* LaunchScreen.storyboard in Resources */,
				13B07FBF1A68108700A75B9A /* Images.xcassets in Resources */,
				D09362A92CB91525797F07CF /* PrivacyInfo.xcprivacy in Resources */,
			);
			runOnlyForDeploymentPostprocessing = 0;
		};
/* End PBXResourcesBuildPhase section */

/* Begin PBXShellScriptBuildPhase section */
		00DD1BFF1BD5951E006B06BC /* Bundle React Native code and images */ = {
			isa = PBXShellScriptBuildPhase;
			buildActionMask = 2147483647;
			files = (
			);
			inputPaths = (
				"$(SRCROOT)/.xcode.env.local",
				"$(SRCROOT)/.xcode.env",
			);
			name = "Bundle React Native code and images";
			outputPaths = (
			);
			runOnlyForDeploymentPostprocessing = 0;
			shellPath = /bin/sh;
			shellScript = "set -e\n\nWITH_ENVIRONMENT=\"$REACT_NATIVE_PATH/scripts/xcode/with-environment.sh\"\nREACT_NATIVE_XCODE=\"$REACT_NATIVE_PATH/scripts/react-native-xcode.sh\"\n\n/bin/sh -c \"$WITH_ENVIRONMENT $REACT_NATIVE_XCODE\"\n";
		};
		077683C03CADA76F6407AFBC /* [CP] Check Pods Manifest.lock */ = {
			isa = PBXShellScriptBuildPhase;
			buildActionMask = 2147483647;
			files = (
			);
			inputFileListPaths = (
			);
			inputPaths = (
				"${PODS_PODFILE_DIR_PATH}/Podfile.lock",
				"${PODS_ROOT}/Manifest.lock",
			);
			name = "[CP] Check Pods Manifest.lock";
			outputFileListPaths = (
			);
			outputPaths = (
				"$(DERIVED_FILE_DIR)/Pods-Biostasis-checkManifestLockResult.txt",
			);
			runOnlyForDeploymentPostprocessing = 0;
			shellPath = /bin/sh;
			shellScript = "diff \"${PODS_PODFILE_DIR_PATH}/Podfile.lock\" \"${PODS_ROOT}/Manifest.lock\" > /dev/null\nif [ $? != 0 ] ; then\n    # print error to STDERR\n    echo \"error: The sandbox is not in sync with the Podfile.lock. Run 'pod install' or update your CocoaPods installation.\" >&2\n    exit 1\nfi\n# This output is used by Xcode 'outputs' to avoid re-running this script phase.\necho \"SUCCESS\" > \"${SCRIPT_OUTPUT_FILE_0}\"\n";
			showEnvVarsInLog = 0;
		};
		193C702C0E9DBFD395694B23 /* [CP] Embed Pods Frameworks */ = {
			isa = PBXShellScriptBuildPhase;
			buildActionMask = 2147483647;
			files = (
			);
			inputFileListPaths = (
				"${PODS_ROOT}/Target Support Files/Pods-Biostasis-BiostasisTests/Pods-Biostasis-BiostasisTests-frameworks-${CONFIGURATION}-input-files.xcfilelist",
			);
			inputPaths = (
			);
			name = "[CP] Embed Pods Frameworks";
			outputFileListPaths = (
				"${PODS_ROOT}/Target Support Files/Pods-Biostasis-BiostasisTests/Pods-Biostasis-BiostasisTests-frameworks-${CONFIGURATION}-output-files.xcfilelist",
			);
			outputPaths = (
			);
			runOnlyForDeploymentPostprocessing = 0;
			shellPath = /bin/sh;
			shellScript = "\"${PODS_ROOT}/Target Support Files/Pods-Biostasis-BiostasisTests/Pods-Biostasis-BiostasisTests-frameworks.sh\"\n";
			showEnvVarsInLog = 0;
		};
		534A6CDB69CCB8C4D17594E3 /* [CP] Embed Pods Frameworks */ = {
			isa = PBXShellScriptBuildPhase;
			buildActionMask = 2147483647;
			files = (
			);
			inputFileListPaths = (
				"${PODS_ROOT}/Target Support Files/Pods-Biostasis/Pods-Biostasis-frameworks-${CONFIGURATION}-input-files.xcfilelist",
			);
			inputPaths = (
			);
			name = "[CP] Embed Pods Frameworks";
			outputFileListPaths = (
				"${PODS_ROOT}/Target Support Files/Pods-Biostasis/Pods-Biostasis-frameworks-${CONFIGURATION}-output-files.xcfilelist",
			);
			outputPaths = (
			);
			runOnlyForDeploymentPostprocessing = 0;
			shellPath = /bin/sh;
			shellScript = "\"${PODS_ROOT}/Target Support Files/Pods-Biostasis/Pods-Biostasis-frameworks.sh\"\n";
			showEnvVarsInLog = 0;
		};
		8135BB3C5F1AD5CF28D517F7 /* [CP-User] [RNFB] Core Configuration */ = {
			isa = PBXShellScriptBuildPhase;
			buildActionMask = 2147483647;
			files = (
			);
			inputPaths = (
				"$(BUILT_PRODUCTS_DIR)/$(INFOPLIST_PATH)",
			);
			name = "[CP-User] [RNFB] Core Configuration";
			outputPaths = (
			);
			runOnlyForDeploymentPostprocessing = 0;
			shellPath = /bin/sh;
			shellScript = "#!/usr/bin/env bash\n#\n# Copyright (c) 2016-present Invertase Limited & Contributors\n#\n# Licensed under the Apache License, Version 2.0 (the \"License\");\n# you may not use this library except in compliance with the License.\n# You may obtain a copy of the License at\n#\n#   http://www.apache.org/licenses/LICENSE-2.0\n#\n# Unless required by applicable law or agreed to in writing, software\n# distributed under the License is distributed on an \"AS IS\" BASIS,\n# WITHOUT WARRANTIES OR CONDITIONS OF ANY KIND, either express or implied.\n# See the License for the specific language governing permissions and\n# limitations under the License.\n#\n\n##########################################################################\n##########################################################################\n#\n#  NOTE THAT IF YOU CHANGE THIS FILE YOU MUST RUN pod install AFTERWARDS\n#\n#  This file is installed as an Xcode build script in the project file\n#  by cocoapods, and you will not see your changes until you pod install\n#\n##########################################################################\n##########################################################################\n\nset -e\n\n_MAX_LOOKUPS=2;\n_SEARCH_RESULT=''\n_RN_ROOT_EXISTS=''\n_CURRENT_LOOKUPS=1\n_JSON_ROOT=\"'react-native'\"\n_JSON_FILE_NAME='firebase.json'\n_JSON_OUTPUT_BASE64='e30=' # { }\n_CURRENT_SEARCH_DIR=${PROJECT_DIR}\n_PLIST_BUDDY=/usr/libexec/PlistBuddy\n_TARGET_PLIST=\"${BUILT_PRODUCTS_DIR}/${INFOPLIST_PATH}\"\n_DSYM_PLIST=\"${DWARF_DSYM_FOLDER_PATH}/${DWARF_DSYM_FILE_NAME}/Contents/Info.plist\"\n\n# plist arrays\n_PLIST_ENTRY_KEYS=()\n_PLIST_ENTRY_TYPES=()\n_PLIST_ENTRY_VALUES=()\n\nfunction setPlistValue {\n  echo \"info:      setting plist entry '$1' of type '$2' in file '$4'\"\n  ${_PLIST_BUDDY} -c \"Add :$1 $2 '$3'\" $4 || echo \"info:      '$1' already exists\"\n}\n\nfunction getFirebaseJsonKeyValue () {\n  if [[ ${_RN_ROOT_EXISTS} ]]; then\n    ruby -Ku -e \"require 'rubygems';require 'json'; output=JSON.parse('$1'); puts output[$_JSON_ROOT]['$2']\"\n  else\n    echo \"\"\n  fi;\n}\n\nfunction jsonBoolToYesNo () {\n  if [[ $1 == \"false\" ]]; then\n    echo \"NO\"\n  elif [[ $1 == \"true\" ]]; then\n    echo \"YES\"\n  else echo \"NO\"\n  fi\n}\n\necho \"info: -> RNFB build script started\"\necho \"info: 1) Locating ${_JSON_FILE_NAME} file:\"\n\nif [[ -z ${_CURRENT_SEARCH_DIR} ]]; then\n  _CURRENT_SEARCH_DIR=$(pwd)\nfi;\n\nwhile true; do\n  _CURRENT_SEARCH_DIR=$(dirname \"$_CURRENT_SEARCH_DIR\")\n  if [[ \"$_CURRENT_SEARCH_DIR\" == \"/\" ]] || [[ ${_CURRENT_LOOKUPS} -gt ${_MAX_LOOKUPS} ]]; then break; fi;\n  echo \"info:      ($_CURRENT_LOOKUPS of $_MAX_LOOKUPS) Searching in '$_CURRENT_SEARCH_DIR' for a ${_JSON_FILE_NAME} file.\"\n  _SEARCH_RESULT=$(find \"$_CURRENT_SEARCH_DIR\" -maxdepth 2 -name ${_JSON_FILE_NAME} -print | /usr/bin/head -n 1)\n  if [[ ${_SEARCH_RESULT} ]]; then\n    echo \"info:      ${_JSON_FILE_NAME} found at $_SEARCH_RESULT\"\n    break;\n  fi;\n  _CURRENT_LOOKUPS=$((_CURRENT_LOOKUPS+1))\ndone\n\nif [[ ${_SEARCH_RESULT} ]]; then\n  _JSON_OUTPUT_RAW=$(cat \"${_SEARCH_RESULT}\")\n  _RN_ROOT_EXISTS=$(ruby -Ku -e \"require 'rubygems';require 'json'; output=JSON.parse('$_JSON_OUTPUT_RAW'); puts output[$_JSON_ROOT]\" || echo '')\n\n  if [[ ${_RN_ROOT_EXISTS} ]]; then\n    if ! python3 --version >/dev/null 2>&1; then echo \"python3 not found, firebase.json file processing error.\" && exit 1; fi\n    _JSON_OUTPUT_BASE64=$(python3 -c 'import json,sys,base64;print(base64.b64encode(bytes(json.dumps(json.loads(open('\"'${_SEARCH_RESULT}'\"', '\"'rb'\"').read())['${_JSON_ROOT}']), '\"'utf-8'\"')).decode())' || echo \"e30=\")\n  fi\n\n  _PLIST_ENTRY_KEYS+=(\"firebase_json_raw\")\n  _PLIST_ENTRY_TYPES+=(\"string\")\n  _PLIST_ENTRY_VALUES+=(\"$_JSON_OUTPUT_BASE64\")\n\n  # config.app_data_collection_default_enabled\n  _APP_DATA_COLLECTION_ENABLED=$(getFirebaseJsonKeyValue \"$_JSON_OUTPUT_RAW\" \"app_data_collection_default_enabled\")\n  if [[ $_APP_DATA_COLLECTION_ENABLED ]]; then\n    _PLIST_ENTRY_KEYS+=(\"FirebaseDataCollectionDefaultEnabled\")\n    _PLIST_ENTRY_TYPES+=(\"bool\")\n    _PLIST_ENTRY_VALUES+=(\"$(jsonBoolToYesNo \"$_APP_DATA_COLLECTION_ENABLED\")\")\n  fi\n\n  # config.analytics_auto_collection_enabled\n  _ANALYTICS_AUTO_COLLECTION=$(getFirebaseJsonKeyValue \"$_JSON_OUTPUT_RAW\" \"analytics_auto_collection_enabled\")\n  if [[ $_ANALYTICS_AUTO_COLLECTION ]]; then\n    _PLIST_ENTRY_KEYS+=(\"FIREBASE_ANALYTICS_COLLECTION_ENABLED\")\n    _PLIST_ENTRY_TYPES+=(\"bool\")\n    _PLIST_ENTRY_VALUES+=(\"$(jsonBoolToYesNo \"$_ANALYTICS_AUTO_COLLECTION\")\")\n  fi\n\n  # config.analytics_collection_deactivated\n  _ANALYTICS_DEACTIVATED=$(getFirebaseJsonKeyValue \"$_JSON_OUTPUT_RAW\" \"analytics_collection_deactivated\")\n  if [[ $_ANALYTICS_DEACTIVATED ]]; then\n    _PLIST_ENTRY_KEYS+=(\"FIREBASE_ANALYTICS_COLLECTION_DEACTIVATED\")\n    _PLIST_ENTRY_TYPES+=(\"bool\")\n    _PLIST_ENTRY_VALUES+=(\"$(jsonBoolToYesNo \"$_ANALYTICS_DEACTIVATED\")\")\n  fi\n\n  # config.analytics_idfv_collection_enabled\n  _ANALYTICS_IDFV_COLLECTION=$(getFirebaseJsonKeyValue \"$_JSON_OUTPUT_RAW\" \"analytics_idfv_collection_enabled\")\n  if [[ $_ANALYTICS_IDFV_COLLECTION ]]; then\n    _PLIST_ENTRY_KEYS+=(\"GOOGLE_ANALYTICS_IDFV_COLLECTION_ENABLED\")\n    _PLIST_ENTRY_TYPES+=(\"bool\")\n    _PLIST_ENTRY_VALUES+=(\"$(jsonBoolToYesNo \"$_ANALYTICS_IDFV_COLLECTION\")\")\n  fi\n\n  # config.analytics_default_allow_analytics_storage\n  _ANALYTICS_STORAGE=$(getFirebaseJsonKeyValue \"$_JSON_OUTPUT_RAW\" \"analytics_default_allow_analytics_storage\")\n  if [[ $_ANALYTICS_STORAGE ]]; then\n    _PLIST_ENTRY_KEYS+=(\"GOOGLE_ANALYTICS_DEFAULT_ALLOW_ANALYTICS_STORAGE\")\n    _PLIST_ENTRY_TYPES+=(\"bool\")\n    _PLIST_ENTRY_VALUES+=(\"$(jsonBoolToYesNo \"$_ANALYTICS_STORAGE\")\")\n  fi\n\n  # config.analytics_default_allow_ad_storage\n  _ANALYTICS_AD_STORAGE=$(getFirebaseJsonKeyValue \"$_JSON_OUTPUT_RAW\" \"analytics_default_allow_ad_storage\")\n  if [[ $_ANALYTICS_AD_STORAGE ]]; then\n    _PLIST_ENTRY_KEYS+=(\"GOOGLE_ANALYTICS_DEFAULT_ALLOW_AD_STORAGE\")\n    _PLIST_ENTRY_TYPES+=(\"bool\")\n    _PLIST_ENTRY_VALUES+=(\"$(jsonBoolToYesNo \"$_ANALYTICS_AD_STORAGE\")\")\n  fi\n\n  # config.analytics_default_allow_ad_user_data\n  _ANALYTICS_AD_USER_DATA=$(getFirebaseJsonKeyValue \"$_JSON_OUTPUT_RAW\" \"analytics_default_allow_ad_user_data\")\n  if [[ $_ANALYTICS_AD_USER_DATA ]]; then\n    _PLIST_ENTRY_KEYS+=(\"GOOGLE_ANALYTICS_DEFAULT_ALLOW_AD_USER_DATA\")\n    _PLIST_ENTRY_TYPES+=(\"bool\")\n    _PLIST_ENTRY_VALUES+=(\"$(jsonBoolToYesNo \"$_ANALYTICS_AD_USER_DATA\")\")\n  fi\n\n  # config.analytics_default_allow_ad_personalization_signals\n  _ANALYTICS_PERSONALIZATION=$(getFirebaseJsonKeyValue \"$_JSON_OUTPUT_RAW\" \"analytics_default_allow_ad_personalization_signals\")\n  if [[ $_ANALYTICS_PERSONALIZATION ]]; then\n    _PLIST_ENTRY_KEYS+=(\"GOOGLE_ANALYTICS_DEFAULT_ALLOW_AD_PERSONALIZATION_SIGNALS\")\n    _PLIST_ENTRY_TYPES+=(\"bool\")\n    _PLIST_ENTRY_VALUES+=(\"$(jsonBoolToYesNo \"$_ANALYTICS_PERSONALIZATION\")\")\n  fi\n\n  # config.analytics_registration_with_ad_network_enabled\n  _ANALYTICS_REGISTRATION_WITH_AD_NETWORK=$(getFirebaseJsonKeyValue \"$_JSON_OUTPUT_RAW\" \"google_analytics_registration_with_ad_network_enabled\")\n  if [[ $_ANALYTICS_REGISTRATION_WITH_AD_NETWORK ]]; then\n    _PLIST_ENTRY_KEYS+=(\"GOOGLE_ANALYTICS_REGISTRATION_WITH_AD_NETWORK_ENABLED\")\n    _PLIST_ENTRY_TYPES+=(\"bool\")\n    _PLIST_ENTRY_VALUES+=(\"$(jsonBoolToYesNo \"$_ANALYTICS_REGISTRATION_WITH_AD_NETWORK\")\")\n  fi\n\n  # config.google_analytics_automatic_screen_reporting_enabled\n  _ANALYTICS_AUTO_SCREEN_REPORTING=$(getFirebaseJsonKeyValue \"$_JSON_OUTPUT_RAW\" \"google_analytics_automatic_screen_reporting_enabled\")\n  if [[ $_ANALYTICS_AUTO_SCREEN_REPORTING ]]; then\n    _PLIST_ENTRY_KEYS+=(\"FirebaseAutomaticScreenReportingEnabled\")\n    _PLIST_ENTRY_TYPES+=(\"bool\")\n    _PLIST_ENTRY_VALUES+=(\"$(jsonBoolToYesNo \"$_ANALYTICS_AUTO_SCREEN_REPORTING\")\")\n  fi\n\n  # config.perf_auto_collection_enabled\n  _PERF_AUTO_COLLECTION=$(getFirebaseJsonKeyValue \"$_JSON_OUTPUT_RAW\" \"perf_auto_collection_enabled\")\n  if [[ $_PERF_AUTO_COLLECTION ]]; then\n    _PLIST_ENTRY_KEYS+=(\"firebase_performance_collection_enabled\")\n    _PLIST_ENTRY_TYPES+=(\"bool\")\n    _PLIST_ENTRY_VALUES+=(\"$(jsonBoolToYesNo \"$_PERF_AUTO_COLLECTION\")\")\n  fi\n\n  # config.perf_collection_deactivated\n  _PERF_DEACTIVATED=$(getFirebaseJsonKeyValue \"$_JSON_OUTPUT_RAW\" \"perf_collection_deactivated\")\n  if [[ $_PERF_DEACTIVATED ]]; then\n    _PLIST_ENTRY_KEYS+=(\"firebase_performance_collection_deactivated\")\n    _PLIST_ENTRY_TYPES+=(\"bool\")\n    _PLIST_ENTRY_VALUES+=(\"$(jsonBoolToYesNo \"$_PERF_DEACTIVATED\")\")\n  fi\n\n  # config.messaging_auto_init_enabled\n  _MESSAGING_AUTO_INIT=$(getFirebaseJsonKeyValue \"$_JSON_OUTPUT_RAW\" \"messaging_auto_init_enabled\")\n  if [[ $_MESSAGING_AUTO_INIT ]]; then\n    _PLIST_ENTRY_KEYS+=(\"FirebaseMessagingAutoInitEnabled\")\n    _PLIST_ENTRY_TYPES+=(\"bool\")\n    _PLIST_ENTRY_VALUES+=(\"$(jsonBoolToYesNo \"$_MESSAGING_AUTO_INIT\")\")\n  fi\n\n  # config.in_app_messaging_auto_colllection_enabled\n  _FIAM_AUTO_INIT=$(getFirebaseJsonKeyValue \"$_JSON_OUTPUT_RAW\" \"in_app_messaging_auto_collection_enabled\")\n  if [[ $_FIAM_AUTO_INIT ]]; then\n    _PLIST_ENTRY_KEYS+=(\"FirebaseInAppMessagingAutomaticDataCollectionEnabled\")\n    _PLIST_ENTRY_TYPES+=(\"bool\")\n    _PLIST_ENTRY_VALUES+=(\"$(jsonBoolToYesNo \"$_FIAM_AUTO_INIT\")\")\n  fi\n\n  # config.app_check_token_auto_refresh\n  _APP_CHECK_TOKEN_AUTO_REFRESH=$(getFirebaseJsonKeyValue \"$_JSON_OUTPUT_RAW\" \"app_check_token_auto_refresh\")\n  if [[ $_APP_CHECK_TOKEN_AUTO_REFRESH ]]; then\n    _PLIST_ENTRY_KEYS+=(\"FirebaseAppCheckTokenAutoRefreshEnabled\")\n    _PLIST_ENTRY_TYPES+=(\"bool\")\n    _PLIST_ENTRY_VALUES+=(\"$(jsonBoolToYesNo \"$_APP_CHECK_TOKEN_AUTO_REFRESH\")\")\n  fi\n\n  # config.crashlytics_disable_auto_disabler - undocumented for now - mainly for debugging, document if becomes useful\n  _CRASHLYTICS_AUTO_DISABLE_ENABLED=$(getFirebaseJsonKeyValue \"$_JSON_OUTPUT_RAW\" \"crashlytics_disable_auto_disabler\")\n  if [[ $_CRASHLYTICS_AUTO_DISABLE_ENABLED == \"true\" ]]; then\n    echo \"Disabled Crashlytics auto disabler.\" # do nothing\n  else\n    _PLIST_ENTRY_KEYS+=(\"FirebaseCrashlyticsCollectionEnabled\")\n    _PLIST_ENTRY_TYPES+=(\"bool\")\n    _PLIST_ENTRY_VALUES+=(\"NO\")\n  fi\nelse\n  _PLIST_ENTRY_KEYS+=(\"firebase_json_raw\")\n  _PLIST_ENTRY_TYPES+=(\"string\")\n  _PLIST_ENTRY_VALUES+=(\"$_JSON_OUTPUT_BASE64\")\n  echo \"warning:   A firebase.json file was not found, whilst this file is optional it is recommended to include it to configure firebase services in React Native Firebase.\"\nfi;\n\necho \"info: 2) Injecting Info.plist entries: \"\n\n# Log out the keys we're adding\nfor i in \"${!_PLIST_ENTRY_KEYS[@]}\"; do\n  echo \"    ->  $i) ${_PLIST_ENTRY_KEYS[$i]}\" \"${_PLIST_ENTRY_TYPES[$i]}\" \"${_PLIST_ENTRY_VALUES[$i]}\"\ndone\n\nfor plist in \"${_TARGET_PLIST}\" \"${_DSYM_PLIST}\" ; do\n  if [[ -f \"${plist}\" ]]; then\n\n    # paths with spaces break the call to setPlistValue. temporarily modify\n    # the shell internal field separator variable (IFS), which normally\n    # includes spaces, to consist only of line breaks\n    oldifs=$IFS\n    IFS=\"\n\"\n\n    for i in \"${!_PLIST_ENTRY_KEYS[@]}\"; do\n      setPlistValue \"${_PLIST_ENTRY_KEYS[$i]}\" \"${_PLIST_ENTRY_TYPES[$i]}\" \"${_PLIST_ENTRY_VALUES[$i]}\" \"${plist}\"\n    done\n\n    # restore the original internal field separator value\n    IFS=$oldifs\n  else\n    echo \"warning:   A Info.plist build output file was not found (${plist})\"\n  fi\ndone\n\necho \"info: <- RNFB build script finished\"\n";
		};
		89E049A8E7F5992804BAD43A /* [CP-User] [RNFB] Crashlytics Configuration */ = {
			isa = PBXShellScriptBuildPhase;
			buildActionMask = 2147483647;
			files = (
			);
			inputPaths = (
				"${DWARF_DSYM_FOLDER_PATH}/${DWARF_DSYM_FILE_NAME}/Contents/Resources/DWARF/${TARGET_NAME}",
				"$(BUILT_PRODUCTS_DIR)/$(INFOPLIST_PATH)",
			);
			name = "[CP-User] [RNFB] Crashlytics Configuration";
			outputPaths = (
			);
			runOnlyForDeploymentPostprocessing = 0;
			shellPath = /bin/sh;
			shellScript = "#!/usr/bin/env bash\n#\n# Copyright (c) 2016-present Invertase Limited & Contributors\n#\n# Licensed under the Apache License, Version 2.0 (the \"License\");\n# you may not use this library except in compliance with the License.\n# You may obtain a copy of the License at\n#\n#   http://www.apache.org/licenses/LICENSE-2.0\n#\n# Unless required by applicable law or agreed to in writing, software\n# distributed under the License is distributed on an \"AS IS\" BASIS,\n# WITHOUT WARRANTIES OR CONDITIONS OF ANY KIND, either express or implied.\n# See the License for the specific language governing permissions and\n# limitations under the License.\n#\nset -e\n\nif [[ ${PODS_ROOT} ]]; then\n  echo \"info: Exec FirebaseCrashlytics Run from Pods\"\n  \"${PODS_ROOT}/FirebaseCrashlytics/run\"\nelse\n  echo \"info: Exec FirebaseCrashlytics Run from framework\"\n  \"${PROJECT_DIR}/FirebaseCrashlytics.framework/run\"\nfi\n";
		};
		9C147A9BA7C5028F2ABC73F4 /* [CP] Check Pods Manifest.lock */ = {
			isa = PBXShellScriptBuildPhase;
			buildActionMask = 2147483647;
			files = (
			);
			inputFileListPaths = (
			);
			inputPaths = (
				"${PODS_PODFILE_DIR_PATH}/Podfile.lock",
				"${PODS_ROOT}/Manifest.lock",
			);
			name = "[CP] Check Pods Manifest.lock";
			outputFileListPaths = (
			);
			outputPaths = (
				"$(DERIVED_FILE_DIR)/Pods-Biostasis-BiostasisTests-checkManifestLockResult.txt",
			);
			runOnlyForDeploymentPostprocessing = 0;
			shellPath = /bin/sh;
			shellScript = "diff \"${PODS_PODFILE_DIR_PATH}/Podfile.lock\" \"${PODS_ROOT}/Manifest.lock\" > /dev/null\nif [ $? != 0 ] ; then\n    # print error to STDERR\n    echo \"error: The sandbox is not in sync with the Podfile.lock. Run 'pod install' or update your CocoaPods installation.\" >&2\n    exit 1\nfi\n# This output is used by Xcode 'outputs' to avoid re-running this script phase.\necho \"SUCCESS\" > \"${SCRIPT_OUTPUT_FILE_0}\"\n";
			showEnvVarsInLog = 0;
		};
		CA5B06998565E73740C06F11 /* [CP] Copy Pods Resources */ = {
			isa = PBXShellScriptBuildPhase;
			buildActionMask = 2147483647;
			files = (
			);
			inputFileListPaths = (
				"${PODS_ROOT}/Target Support Files/Pods-Biostasis-BiostasisTests/Pods-Biostasis-BiostasisTests-resources-${CONFIGURATION}-input-files.xcfilelist",
			);
			inputPaths = (
			);
			name = "[CP] Copy Pods Resources";
			outputFileListPaths = (
				"${PODS_ROOT}/Target Support Files/Pods-Biostasis-BiostasisTests/Pods-Biostasis-BiostasisTests-resources-${CONFIGURATION}-output-files.xcfilelist",
			);
			outputPaths = (
			);
			runOnlyForDeploymentPostprocessing = 0;
			shellPath = /bin/sh;
			shellScript = "\"${PODS_ROOT}/Target Support Files/Pods-Biostasis-BiostasisTests/Pods-Biostasis-BiostasisTests-resources.sh\"\n";
			showEnvVarsInLog = 0;
		};
		CEEC856E50B87D71E86CF6A5 /* [CP] Copy Pods Resources */ = {
			isa = PBXShellScriptBuildPhase;
			buildActionMask = 2147483647;
			files = (
			);
			inputFileListPaths = (
				"${PODS_ROOT}/Target Support Files/Pods-Biostasis/Pods-Biostasis-resources-${CONFIGURATION}-input-files.xcfilelist",
			);
			inputPaths = (
			);
			name = "[CP] Copy Pods Resources";
			outputFileListPaths = (
				"${PODS_ROOT}/Target Support Files/Pods-Biostasis/Pods-Biostasis-resources-${CONFIGURATION}-output-files.xcfilelist",
			);
			outputPaths = (
			);
			runOnlyForDeploymentPostprocessing = 0;
			shellPath = /bin/sh;
			shellScript = "\"${PODS_ROOT}/Target Support Files/Pods-Biostasis/Pods-Biostasis-resources.sh\"\n";
			showEnvVarsInLog = 0;
		};
/* End PBXShellScriptBuildPhase section */

/* Begin PBXSourcesBuildPhase section */
		00E356EA1AD99517003FC87E /* Sources */ = {
			isa = PBXSourcesBuildPhase;
			buildActionMask = 2147483647;
			files = (
				00E356F31AD99517003FC87E /* BiostasisTests.m in Sources */,
			);
			runOnlyForDeploymentPostprocessing = 0;
		};
		13B07F871A680F5B00A75B9A /* Sources */ = {
			isa = PBXSourcesBuildPhase;
			buildActionMask = 2147483647;
			files = (
				5417E2292D5D2F69004FFB11 /* Poppins-Black.ttf in Sources */,
				5417E22A2D5D2F69004FFB11 /* Poppins-BlackItalic.ttf in Sources */,
				5417E22B2D5D2F69004FFB11 /* Poppins-Bold.ttf in Sources */,
				5417E22C2D5D2F69004FFB11 /* Poppins-BoldItalic.ttf in Sources */,
				5417E22D2D5D2F69004FFB11 /* Poppins-ExtraBold.ttf in Sources */,
				5417E22E2D5D2F69004FFB11 /* Poppins-ExtraBoldItalic.ttf in Sources */,
				5417E22F2D5D2F69004FFB11 /* Poppins-ExtraLight.ttf in Sources */,
				C7B021C02E29496B0024E32C /* RefreshTokenRO.swift in Sources */,
				C7B021C12E29496B0024E32C /* UserModel.swift in Sources */,
				C7B021C22E29496B0024E32C /* HealthKitManager.swift in Sources */,
				C7B021C32E29496B0024E32C /* LocalNotificationManager.swift in Sources */,
				C7B021C42E29496B0024E32C /* apiModels.swift in Sources */,
				C7F57EF22E2E5579008ABA99 /* NativeManagerEmitter.swift in Sources */,
				C7B021C52E29496B0024E32C /* EmergencySettingsModel.swift in Sources */,
				C7B021C62E29496B0024E32C /* HealthKitDataHandler.swift in Sources */,
				C7B021C72E29496B0024E32C /* NetworkingManager.swift in Sources */,
				C7B021C82E29496B0024E32C /* TimeManager.swift in Sources */,
				C7B021C92E29496B0024E32C /* NativeManagerSingleton.swift in Sources */,
				C7B021CA2E29496B0024E32C /* PersistentStorageManager.swift in Sources */,
				C7B021CB2E29496B0024E32C /* RecommendationSystemManage.swift in Sources */,
				C7B021CC2E29496B0024E32C /* NativeManager.swift in Sources */,
				C7B021CD2E29496B0024E32C /* LocationManager.swift in Sources */,
				C7B021CE2E29496B0024E32C /* HealthDataModel.swift in Sources */,
				5417E2302D5D2F69004FFB11 /* Poppins-ExtraLightItalic.ttf in Sources */,
				5417E2312D5D2F69004FFB11 /* Poppins-Italic.ttf in Sources */,
				5417E2322D5D2F69004FFB11 /* Poppins-Light.ttf in Sources */,
				5417E2332D5D2F69004FFB11 /* Poppins-LightItalic.ttf in Sources */,
				5417E2342D5D2F69004FFB11 /* Poppins-Medium.ttf in Sources */,
				5417E2352D5D2F69004FFB11 /* Poppins-MediumItalic.ttf in Sources */,
				5417E2362D5D2F69004FFB11 /* Poppins-Regular.ttf in Sources */,
				5417E2372D5D2F69004FFB11 /* Poppins-SemiBold.ttf in Sources */,
				5417E2382D5D2F69004FFB11 /* Poppins-SemiBoldItalic.ttf in Sources */,
				C7B021D02E294D210024E32C /* NativeManagerBridge.m in Sources */,
				5417E2392D5D2F69004FFB11 /* Poppins-Thin.ttf in Sources */,
				5417E23A2D5D2F69004FFB11 /* Poppins-ThinItalic.ttf in Sources */,
				5417E23B2D5D2F69004FFB11 /* Roboto-Black.ttf in Sources */,
				5417E23C2D5D2F69004FFB11 /* Roboto-BlackItalic.ttf in Sources */,
				C71852742EA6E89600796E3E /* BLEManager.swift in Sources */,
				5417E23D2D5D2F69004FFB11 /* Roboto-Bold.ttf in Sources */,
				5417E23E2D5D2F69004FFB11 /* Roboto-BoldItalic.ttf in Sources */,
				5417E23F2D5D2F69004FFB11 /* Roboto-Italic.ttf in Sources */,
				5417E2402D5D2F69004FFB11 /* Roboto-Light.ttf in Sources */,
				5417E2412D5D2F69004FFB11 /* Roboto-LightItalic.ttf in Sources */,
				5417E2422D5D2F69004FFB11 /* Roboto-Medium.ttf in Sources */,
				5417E2432D5D2F69004FFB11 /* Roboto-MediumItalic.ttf in Sources */,
				5417E2442D5D2F69004FFB11 /* Roboto-Regular.ttf in Sources */,
				5417E2452D5D2F69004FFB11 /* Roboto-Thin.ttf in Sources */,
				5417E2462D5D2F69004FFB11 /* Roboto-ThinItalic.ttf in Sources */,
				13B07FBC1A68108700A75B9A /* AppDelegate.mm in Sources */,
				13B07FC11A68108700A75B9A /* main.m in Sources */,
				C718526A2E9C0AF600796E3E /* BackgroundHealthChecker.swift in Sources */,
			);
			runOnlyForDeploymentPostprocessing = 0;
		};
/* End PBXSourcesBuildPhase section */

/* Begin PBXTargetDependency section */
		00E356F51AD99517003FC87E /* PBXTargetDependency */ = {
			isa = PBXTargetDependency;
			target = 13B07F861A680F5B00A75B9A /* Biostasis */;
			targetProxy = 00E356F41AD99517003FC87E /* PBXContainerItemProxy */;
		};
/* End PBXTargetDependency section */

/* Begin XCBuildConfiguration section */
		00E356F61AD99517003FC87E /* Debug */ = {
			isa = XCBuildConfiguration;
			baseConfigurationReference = 836EAA3C3221F201C8AFD312 /* Pods-Biostasis-BiostasisTests.debug.xcconfig */;
			buildSettings = {
				BUNDLE_LOADER = "$(TEST_HOST)";
				DEVELOPMENT_TEAM = "";
				GCC_PREPROCESSOR_DEFINITIONS = (
					"DEBUG=1",
					"$(inherited)",
				);
				INFOPLIST_FILE = BiostasisTests/Info.plist;
				IPHONEOS_DEPLOYMENT_TARGET = 15.1;
				LD_RUNPATH_SEARCH_PATHS = (
					"$(inherited)",
					"@executable_path/Frameworks",
					"@loader_path/Frameworks",
				);
				OTHER_LDFLAGS = (
					"-ObjC",
					"-lc++",
					"$(inherited)",
				);
				PRODUCT_BUNDLE_IDENTIFIER = app.biostasis;
				PRODUCT_NAME = "$(TARGET_NAME)";
				TEST_HOST = "$(BUILT_PRODUCTS_DIR)/Biostasis.app/Biostasis";
			};
			name = Debug;
		};
		00E356F71AD99517003FC87E /* Release */ = {
			isa = XCBuildConfiguration;
			baseConfigurationReference = A867E3576C96E9984062A666 /* Pods-Biostasis-BiostasisTests.release.xcconfig */;
			buildSettings = {
				BUNDLE_LOADER = "$(TEST_HOST)";
				COPY_PHASE_STRIP = NO;
				INFOPLIST_FILE = BiostasisTests/Info.plist;
				IPHONEOS_DEPLOYMENT_TARGET = 15.1;
				LD_RUNPATH_SEARCH_PATHS = (
					"$(inherited)",
					"@executable_path/Frameworks",
					"@loader_path/Frameworks",
				);
				OTHER_LDFLAGS = (
					"-ObjC",
					"-lc++",
					"$(inherited)",
				);
				PRODUCT_BUNDLE_IDENTIFIER = "org.reactjs.native.example.$(PRODUCT_NAME:rfc1034identifier)";
				PRODUCT_NAME = "$(TARGET_NAME)";
				TEST_HOST = "$(BUILT_PRODUCTS_DIR)/Biostasis.app/Biostasis";
			};
			name = Release;
		};
		13B07F941A680F5B00A75B9A /* Debug */ = {
			isa = XCBuildConfiguration;
			baseConfigurationReference = F77A44E0EF4A0959611D3D87 /* Pods-Biostasis.debug.xcconfig */;
			buildSettings = {
				ASSETCATALOG_COMPILER_APPICON_NAME = AppIcon;
				CLANG_ENABLE_MODULES = YES;
				CODE_SIGN_ENTITLEMENTS = Biostasis/BiostasisDebug.entitlements;
				CODE_SIGN_IDENTITY = "Apple Development";
				CODE_SIGN_STYLE = Automatic;
				CURRENT_PROJECT_VERSION = 25;
				DEVELOPMENT_TEAM = 379N8TSZND;
				ENABLE_BITCODE = NO;
				INFOPLIST_FILE = Biostasis/Info.plist;
				IPHONEOS_DEPLOYMENT_TARGET = 18.0;
				LD_RUNPATH_SEARCH_PATHS = (
					"$(inherited)",
					"@executable_path/Frameworks",
				);
				MARKETING_VERSION = 2.1.7;
				OTHER_LDFLAGS = (
					"$(inherited)",
					"-ObjC",
					"-lc++",
				);
				PRODUCT_BUNDLE_IDENTIFIER = app.biostasis;
				PRODUCT_NAME = Biostasis;
				PROVISIONING_PROFILE_SPECIFIER = "";
				SWIFT_OBJC_BRIDGING_HEADER = "Biostasis-Bridging-Header.h";
				SWIFT_OPTIMIZATION_LEVEL = "-Onone";
				SWIFT_VERSION = 5.0;
				VERSIONING_SYSTEM = "apple-generic";
			};
			name = Debug;
		};
		13B07F951A680F5B00A75B9A /* Release */ = {
			isa = XCBuildConfiguration;
			baseConfigurationReference = 92DBEF26561B69ADA62D18B4 /* Pods-Biostasis.release.xcconfig */;
			buildSettings = {
				ASSETCATALOG_COMPILER_APPICON_NAME = AppIcon;
				CLANG_ENABLE_MODULES = YES;
				CODE_SIGN_ENTITLEMENTS = Biostasis/BiostasisRelease.entitlements;
				CODE_SIGN_IDENTITY = "Apple Development";
				CODE_SIGN_STYLE = Automatic;
				CURRENT_PROJECT_VERSION = 25;
				DEVELOPMENT_TEAM = 379N8TSZND;
				INFOPLIST_FILE = Biostasis/Info.plist;
				IPHONEOS_DEPLOYMENT_TARGET = 18.0;
				LD_RUNPATH_SEARCH_PATHS = (
					"$(inherited)",
					"@executable_path/Frameworks",
				);
				MARKETING_VERSION = 2.1.7;
				OTHER_LDFLAGS = (
					"$(inherited)",
					"-ObjC",
					"-lc++",
				);
				PRODUCT_BUNDLE_IDENTIFIER = app.biostasis;
				PRODUCT_NAME = Biostasis;
				PROVISIONING_PROFILE_SPECIFIER = "";
				SWIFT_OBJC_BRIDGING_HEADER = "Biostasis-Bridging-Header.h";
				SWIFT_VERSION = 5.0;
				VERSIONING_SYSTEM = "apple-generic";
			};
			name = Release;
		};
		83CBBA201A601CBA00E9B192 /* Debug */ = {
			isa = XCBuildConfiguration;
			buildSettings = {
				ALWAYS_SEARCH_USER_PATHS = NO;
				CLANG_ANALYZER_LOCALIZABILITY_NONLOCALIZED = YES;
				CLANG_CXX_LANGUAGE_STANDARD = "c++20";
				CLANG_CXX_LIBRARY = "libc++";
				CLANG_ENABLE_MODULES = YES;
				CLANG_ENABLE_OBJC_ARC = YES;
				CLANG_WARN_BLOCK_CAPTURE_AUTORELEASING = YES;
				CLANG_WARN_BOOL_CONVERSION = YES;
				CLANG_WARN_COMMA = YES;
				CLANG_WARN_CONSTANT_CONVERSION = YES;
				CLANG_WARN_DEPRECATED_OBJC_IMPLEMENTATIONS = YES;
				CLANG_WARN_DIRECT_OBJC_ISA_USAGE = YES_ERROR;
				CLANG_WARN_EMPTY_BODY = YES;
				CLANG_WARN_ENUM_CONVERSION = YES;
				CLANG_WARN_INFINITE_RECURSION = YES;
				CLANG_WARN_INT_CONVERSION = YES;
				CLANG_WARN_NON_LITERAL_NULL_CONVERSION = YES;
				CLANG_WARN_OBJC_IMPLICIT_RETAIN_SELF = YES;
				CLANG_WARN_OBJC_LITERAL_CONVERSION = YES;
				CLANG_WARN_OBJC_ROOT_CLASS = YES_ERROR;
				CLANG_WARN_QUOTED_INCLUDE_IN_FRAMEWORK_HEADER = YES;
				CLANG_WARN_RANGE_LOOP_ANALYSIS = YES;
				CLANG_WARN_STRICT_PROTOTYPES = YES;
				CLANG_WARN_SUSPICIOUS_MOVE = YES;
				CLANG_WARN_UNREACHABLE_CODE = YES;
				CLANG_WARN__DUPLICATE_METHOD_MATCH = YES;
				"CODE_SIGN_IDENTITY[sdk=iphoneos*]" = "iPhone Developer";
				COPY_PHASE_STRIP = NO;
				ENABLE_STRICT_OBJC_MSGSEND = YES;
				ENABLE_TESTABILITY = YES;
				ENABLE_USER_SCRIPT_SANDBOXING = NO;
				"EXCLUDED_ARCHS[sdk=iphonesimulator*]" = "";
				GCC_C_LANGUAGE_STANDARD = gnu99;
				GCC_DYNAMIC_NO_PIC = NO;
				GCC_NO_COMMON_BLOCKS = YES;
				GCC_OPTIMIZATION_LEVEL = 0;
				GCC_PREPROCESSOR_DEFINITIONS = (
					"DEBUG=1",
					"$(inherited)",
				);
				GCC_SYMBOLS_PRIVATE_EXTERN = NO;
				GCC_WARN_64_TO_32_BIT_CONVERSION = YES;
				GCC_WARN_ABOUT_RETURN_TYPE = YES_ERROR;
				GCC_WARN_UNDECLARED_SELECTOR = YES;
				GCC_WARN_UNINITIALIZED_AUTOS = YES_AGGRESSIVE;
				GCC_WARN_UNUSED_FUNCTION = YES;
				GCC_WARN_UNUSED_VARIABLE = YES;
				HEADER_SEARCH_PATHS = (
					"$(inherited)",
					"${PODS_CONFIGURATION_BUILD_DIR}/ReactCommon/ReactCommon.framework/Headers",
					"${PODS_CONFIGURATION_BUILD_DIR}/ReactCommon/ReactCommon.framework/Headers/react/nativemodule/core",
					"${PODS_CONFIGURATION_BUILD_DIR}/ReactCommon-Samples/ReactCommon_Samples.framework/Headers",
					"${PODS_CONFIGURATION_BUILD_DIR}/ReactCommon-Samples/ReactCommon_Samples.framework/Headers/platform/ios",
					"${PODS_CONFIGURATION_BUILD_DIR}/React-Fabric/React_Fabric.framework/Headers/react/renderer/components/view/platform/cxx",
					"${PODS_CONFIGURATION_BUILD_DIR}/React-NativeModulesApple/React_NativeModulesApple.framework/Headers",
					"${PODS_CONFIGURATION_BUILD_DIR}/React-graphics/React_graphics.framework/Headers",
					"${PODS_CONFIGURATION_BUILD_DIR}/React-graphics/React_graphics.framework/Headers/react/renderer/graphics/platform/ios",
				);
				IPHONEOS_DEPLOYMENT_TARGET = 15.1;
				LD_RUNPATH_SEARCH_PATHS = (
					/usr/lib/swift,
					"$(inherited)",
				);
				LIBRARY_SEARCH_PATHS = (
					"\"$(SDKROOT)/usr/lib/swift\"",
					"\"$(TOOLCHAIN_DIR)/usr/lib/swift/$(PLATFORM_NAME)\"",
					"\"$(inherited)\"",
				);
				MTL_ENABLE_DEBUG_INFO = YES;
				ONLY_ACTIVE_ARCH = YES;
				OTHER_CPLUSPLUSFLAGS = (
					"$(OTHER_CFLAGS)",
					"-DFOLLY_NO_CONFIG",
					"-DFOLLY_MOBILE=1",
					"-DFOLLY_USE_LIBCPP=1",
					"-DFOLLY_CFG_NO_COROUTINES=1",
					"-DFOLLY_HAVE_CLOCK_GETTIME=1",
				);
				OTHER_LDFLAGS = "$(inherited)  ";
				REACT_NATIVE_PATH = "${PODS_ROOT}/../../node_modules/react-native";
				SDKROOT = iphoneos;
				SWIFT_ACTIVE_COMPILATION_CONDITIONS = "$(inherited) DEBUG";
				SWIFT_OBJC_BRIDGING_HEADER = "$(SRCROOT)/Biostasis-Bridging-Header.h";
				USE_HERMES = true;
			};
			name = Debug;
		};
		83CBBA211A601CBA00E9B192 /* Release */ = {
			isa = XCBuildConfiguration;
			buildSettings = {
				ALWAYS_SEARCH_USER_PATHS = NO;
				CLANG_ANALYZER_LOCALIZABILITY_NONLOCALIZED = YES;
				CLANG_CXX_LANGUAGE_STANDARD = "c++20";
				CLANG_CXX_LIBRARY = "libc++";
				CLANG_ENABLE_MODULES = YES;
				CLANG_ENABLE_OBJC_ARC = YES;
				CLANG_WARN_BLOCK_CAPTURE_AUTORELEASING = YES;
				CLANG_WARN_BOOL_CONVERSION = YES;
				CLANG_WARN_COMMA = YES;
				CLANG_WARN_CONSTANT_CONVERSION = YES;
				CLANG_WARN_DEPRECATED_OBJC_IMPLEMENTATIONS = YES;
				CLANG_WARN_DIRECT_OBJC_ISA_USAGE = YES_ERROR;
				CLANG_WARN_EMPTY_BODY = YES;
				CLANG_WARN_ENUM_CONVERSION = YES;
				CLANG_WARN_INFINITE_RECURSION = YES;
				CLANG_WARN_INT_CONVERSION = YES;
				CLANG_WARN_NON_LITERAL_NULL_CONVERSION = YES;
				CLANG_WARN_OBJC_IMPLICIT_RETAIN_SELF = YES;
				CLANG_WARN_OBJC_LITERAL_CONVERSION = YES;
				CLANG_WARN_OBJC_ROOT_CLASS = YES_ERROR;
				CLANG_WARN_QUOTED_INCLUDE_IN_FRAMEWORK_HEADER = YES;
				CLANG_WARN_RANGE_LOOP_ANALYSIS = YES;
				CLANG_WARN_STRICT_PROTOTYPES = YES;
				CLANG_WARN_SUSPICIOUS_MOVE = YES;
				CLANG_WARN_UNREACHABLE_CODE = YES;
				CLANG_WARN__DUPLICATE_METHOD_MATCH = YES;
				"CODE_SIGN_IDENTITY[sdk=iphoneos*]" = "iPhone Developer";
				COPY_PHASE_STRIP = YES;
				ENABLE_NS_ASSERTIONS = NO;
				ENABLE_STRICT_OBJC_MSGSEND = YES;
				ENABLE_USER_SCRIPT_SANDBOXING = NO;
				"EXCLUDED_ARCHS[sdk=iphonesimulator*]" = "";
				GCC_C_LANGUAGE_STANDARD = gnu99;
				GCC_NO_COMMON_BLOCKS = YES;
				GCC_WARN_64_TO_32_BIT_CONVERSION = YES;
				GCC_WARN_ABOUT_RETURN_TYPE = YES_ERROR;
				GCC_WARN_UNDECLARED_SELECTOR = YES;
				GCC_WARN_UNINITIALIZED_AUTOS = YES_AGGRESSIVE;
				GCC_WARN_UNUSED_FUNCTION = YES;
				GCC_WARN_UNUSED_VARIABLE = YES;
				HEADER_SEARCH_PATHS = (
					"$(inherited)",
					"${PODS_CONFIGURATION_BUILD_DIR}/ReactCommon/ReactCommon.framework/Headers",
					"${PODS_CONFIGURATION_BUILD_DIR}/ReactCommon/ReactCommon.framework/Headers/react/nativemodule/core",
					"${PODS_CONFIGURATION_BUILD_DIR}/ReactCommon-Samples/ReactCommon_Samples.framework/Headers",
					"${PODS_CONFIGURATION_BUILD_DIR}/ReactCommon-Samples/ReactCommon_Samples.framework/Headers/platform/ios",
					"${PODS_CONFIGURATION_BUILD_DIR}/React-Fabric/React_Fabric.framework/Headers/react/renderer/components/view/platform/cxx",
					"${PODS_CONFIGURATION_BUILD_DIR}/React-NativeModulesApple/React_NativeModulesApple.framework/Headers",
					"${PODS_CONFIGURATION_BUILD_DIR}/React-graphics/React_graphics.framework/Headers",
					"${PODS_CONFIGURATION_BUILD_DIR}/React-graphics/React_graphics.framework/Headers/react/renderer/graphics/platform/ios",
				);
				IPHONEOS_DEPLOYMENT_TARGET = 15.1;
				LD_RUNPATH_SEARCH_PATHS = (
					/usr/lib/swift,
					"$(inherited)",
				);
				LIBRARY_SEARCH_PATHS = (
					"\"$(SDKROOT)/usr/lib/swift\"",
					"\"$(TOOLCHAIN_DIR)/usr/lib/swift/$(PLATFORM_NAME)\"",
					"\"$(inherited)\"",
				);
				MTL_ENABLE_DEBUG_INFO = NO;
				OTHER_CPLUSPLUSFLAGS = (
					"$(OTHER_CFLAGS)",
					"-DFOLLY_NO_CONFIG",
					"-DFOLLY_MOBILE=1",
					"-DFOLLY_USE_LIBCPP=1",
					"-DFOLLY_CFG_NO_COROUTINES=1",
					"-DFOLLY_HAVE_CLOCK_GETTIME=1",
				);
				OTHER_LDFLAGS = "$(inherited)  ";
				REACT_NATIVE_PATH = "${PODS_ROOT}/../../node_modules/react-native";
				SDKROOT = iphoneos;
				SWIFT_OBJC_BRIDGING_HEADER = "$(SRCROOT)/Biostasis-Bridging-Header.h";
				USE_HERMES = true;
				VALIDATE_PRODUCT = YES;
			};
			name = Release;
		};
/* End XCBuildConfiguration section */

/* Begin XCConfigurationList section */
		00E357021AD99517003FC87E /* Build configuration list for PBXNativeTarget "BiostasisTests" */ = {
			isa = XCConfigurationList;
			buildConfigurations = (
				00E356F61AD99517003FC87E /* Debug */,
				00E356F71AD99517003FC87E /* Release */,
			);
			defaultConfigurationIsVisible = 0;
			defaultConfigurationName = Release;
		};
		13B07F931A680F5B00A75B9A /* Build configuration list for PBXNativeTarget "Biostasis" */ = {
			isa = XCConfigurationList;
			buildConfigurations = (
				13B07F941A680F5B00A75B9A /* Debug */,
				13B07F951A680F5B00A75B9A /* Release */,
			);
			defaultConfigurationIsVisible = 0;
			defaultConfigurationName = Release;
		};
		83CBB9FA1A601CBA00E9B192 /* Build configuration list for PBXProject "Biostasis" */ = {
			isa = XCConfigurationList;
			buildConfigurations = (
				83CBBA201A601CBA00E9B192 /* Debug */,
				83CBBA211A601CBA00E9B192 /* Release */,
			);
			defaultConfigurationIsVisible = 0;
			defaultConfigurationName = Release;
		};
/* End XCConfigurationList section */
	};
	rootObject = 83CBB9F71A601CBA00E9B192 /* Project object */;
}
