// !$*UTF8*$!
{
	archiveVersion = 1;
	classes = {
	};
	objectVersion = 54;
	objects = {

/* Begin PBXBuildFile section */
		00E356F31AD99517003FC87E /* BiostasisTests.m in Sources */ = {isa = PBXBuildFile; fileRef = 00E356F21AD99517003FC87E /* BiostasisTests.m */; };
		13B07FBC1A68108700A75B9A /* AppDelegate.m in Sources */ = {isa = PBXBuildFile; fileRef = 13B07FB01A68108700A75B9A /* AppDelegate.m */; };
		13B07FBF1A68108700A75B9A /* Images.xcassets in Resources */ = {isa = PBXBuildFile; fileRef = 13B07FB51A68108700A75B9A /* Images.xcassets */; };
		13B07FC11A68108700A75B9A /* main.m in Sources */ = {isa = PBXBuildFile; fileRef = 13B07FB71A68108700A75B9A /* main.m */; };
		1F983D67C3EE4845A6E00F5C /* Roboto-MediumItalic.ttf in Resources */ = {isa = PBXBuildFile; fileRef = 3F51AFD36FFB4E63A65977E4 /* Roboto-MediumItalic.ttf */; };
		2AA9E4AFBB7749DE828B502F /* Roboto-Bold.ttf in Resources */ = {isa = PBXBuildFile; fileRef = 4CC89AA1518B4007A8877B0B /* Roboto-Bold.ttf */; };
		2D4BF4AEF2B84A4480606CBC /* Roboto-ThinItalic.ttf in Resources */ = {isa = PBXBuildFile; fileRef = B0D8D47E1D184EBFA5C3C195 /* Roboto-ThinItalic.ttf */; };
		399B34F2DEE44D55A49E4320 /* Roboto-Regular.ttf in Resources */ = {isa = PBXBuildFile; fileRef = AFAC562F4A5B458689627887 /* Roboto-Regular.ttf */; };
		4A1A5CA6F73B4C34A3596565 /* Roboto-Italic.ttf in Resources */ = {isa = PBXBuildFile; fileRef = 41399FEC40594D26A458E2AB /* Roboto-Italic.ttf */; };
		50D8EEDD912E46D2901F5480 /* Roboto-Medium.ttf in Resources */ = {isa = PBXBuildFile; fileRef = 14E5BC30E6DC483CB1AFC8CA /* Roboto-Medium.ttf */; };
		587D4E3B4C174C939A8B62DF /* Roboto-BoldItalic.ttf in Resources */ = {isa = PBXBuildFile; fileRef = 46B1EBB209CF481A90A7DC7A /* Roboto-BoldItalic.ttf */; };
		5BF94DA5DBA643CE9326A367 /* Roboto-LightItalic.ttf in Resources */ = {isa = PBXBuildFile; fileRef = B314B8A62E004443A6E7ED73 /* Roboto-LightItalic.ttf */; };
		7B19C3632859ECAB00A010BA /* alarm.mp3 in Resources */ = {isa = PBXBuildFile; fileRef = 7B19C3622859ECAB00A010BA /* alarm.mp3 */; };
		81236090DDE45FBE1764D73D /* libPods-Biostasis.a in Frameworks */ = {isa = PBXBuildFile; fileRef = DCA4F2C67D0360973726D31D /* libPods-Biostasis.a */; };
		81AB9BB82411601600AC10FF /* LaunchScreen.storyboard in Resources */ = {isa = PBXBuildFile; fileRef = 81AB9BB72411601600AC10FF /* LaunchScreen.storyboard */; };
		83BE241DB58D680109433061 /* libPods-Biostasis-BiostasisTests.a in Frameworks */ = {isa = PBXBuildFile; fileRef = 5134DD5640AF4BF9D351BF09 /* libPods-Biostasis-BiostasisTests.a */; };
		906626C426933B690059D71E /* Roboto-Italic.ttf in Resources */ = {isa = PBXBuildFile; fileRef = 41399FEC40594D26A458E2AB /* Roboto-Italic.ttf */; };
		906626C526933B690059D71E /* Roboto-Regular.ttf in Resources */ = {isa = PBXBuildFile; fileRef = AFAC562F4A5B458689627887 /* Roboto-Regular.ttf */; };
		906626C626933B690059D71E /* Roboto-Black.ttf in Resources */ = {isa = PBXBuildFile; fileRef = 707F0A9435984709B8E6A086 /* Roboto-Black.ttf */; };
		906626C726933B690059D71E /* Roboto-BlackItalic.ttf in Resources */ = {isa = PBXBuildFile; fileRef = F64BF4B9E6E84221942CD427 /* Roboto-BlackItalic.ttf */; };
		906626C826933B690059D71E /* Roboto-Bold.ttf in Resources */ = {isa = PBXBuildFile; fileRef = 4CC89AA1518B4007A8877B0B /* Roboto-Bold.ttf */; };
		906626C926933B690059D71E /* Roboto-BoldItalic.ttf in Resources */ = {isa = PBXBuildFile; fileRef = 46B1EBB209CF481A90A7DC7A /* Roboto-BoldItalic.ttf */; };
		906626CA26933B690059D71E /* Roboto-Light.ttf in Resources */ = {isa = PBXBuildFile; fileRef = 5A89B183B7204B9D98B18225 /* Roboto-Light.ttf */; };
		906626CB26933B690059D71E /* Roboto-LightItalic.ttf in Resources */ = {isa = PBXBuildFile; fileRef = B314B8A62E004443A6E7ED73 /* Roboto-LightItalic.ttf */; };
		906626CC26933B690059D71E /* Roboto-Medium.ttf in Resources */ = {isa = PBXBuildFile; fileRef = 14E5BC30E6DC483CB1AFC8CA /* Roboto-Medium.ttf */; };
		906626CD26933B690059D71E /* Roboto-MediumItalic.ttf in Resources */ = {isa = PBXBuildFile; fileRef = 3F51AFD36FFB4E63A65977E4 /* Roboto-MediumItalic.ttf */; };
		906626CE26933B690059D71E /* Roboto-Thin.ttf in Resources */ = {isa = PBXBuildFile; fileRef = ECE29D24D55242C9954FD05D /* Roboto-Thin.ttf */; };
		906626CF26933B690059D71E /* Roboto-ThinItalic.ttf in Resources */ = {isa = PBXBuildFile; fileRef = B0D8D47E1D184EBFA5C3C195 /* Roboto-ThinItalic.ttf */; };
		A4E7E50E24FC44F5B3F25D7E /* Roboto-Black.ttf in Resources */ = {isa = PBXBuildFile; fileRef = 707F0A9435984709B8E6A086 /* Roboto-Black.ttf */; };
		C1B958C277574F0285C3B0A9 /* Roboto-Light.ttf in Resources */ = {isa = PBXBuildFile; fileRef = 5A89B183B7204B9D98B18225 /* Roboto-Light.ttf */; };
		C8664E7E5F324D608BBE78A9 /* Roboto-BlackItalic.ttf in Resources */ = {isa = PBXBuildFile; fileRef = F64BF4B9E6E84221942CD427 /* Roboto-BlackItalic.ttf */; };
		DE44816D282D4FC90009C1E3 /* RefreshTokenRO.swift in Sources */ = {isa = PBXBuildFile; fileRef = DE44816C282D4FC90009C1E3 /* RefreshTokenRO.swift */; };
		DE483C4D271D56E5000D338D /* NetworkingManager.swift in Sources */ = {isa = PBXBuildFile; fileRef = DE483C4C271D56E5000D338D /* NetworkingManager.swift */; };
		DE483C4F271D9C22000D338D /* NativeManagerBridge.m in Sources */ = {isa = PBXBuildFile; fileRef = DE483C4E271D9C22000D338D /* NativeManagerBridge.m */; };
		DE4EBAF22715B8EA0004DB17 /* LocalNotificationManager.swift in Sources */ = {isa = PBXBuildFile; fileRef = DE4EBAF12715B8EA0004DB17 /* LocalNotificationManager.swift */; };
		DE4EBAF42715D05B0004DB17 /* HealthKitManager.swift in Sources */ = {isa = PBXBuildFile; fileRef = DE4EBAF32715D05B0004DB17 /* HealthKitManager.swift */; };
		DE4EBAF62715D83A0004DB17 /* HealthKitDataHandler.swift in Sources */ = {isa = PBXBuildFile; fileRef = DE4EBAF52715D83A0004DB17 /* HealthKitDataHandler.swift */; };
		DE4EBAF82715DF9A0004DB17 /* NativeManager.swift in Sources */ = {isa = PBXBuildFile; fileRef = DE4EBAF72715DF9A0004DB17 /* NativeManager.swift */; };
		DE570157271ECF5600802391 /* apiModels.swift in Sources */ = {isa = PBXBuildFile; fileRef = DE570156271ECF5600802391 /* apiModels.swift */; };
		DE7F88F3272710B900CFB5DC /* UserModel.swift in Sources */ = {isa = PBXBuildFile; fileRef = DE7F88F2272710B900CFB5DC /* UserModel.swift */; };
		DEA22CFC271982070076E78B /* PersistentStorageManager.swift in Sources */ = {isa = PBXBuildFile; fileRef = DEA22CFB271982070076E78B /* PersistentStorageManager.swift */; };
		DEA22CFE2719CD4B0076E78B /* EmergencySettingsModel.swift in Sources */ = {isa = PBXBuildFile; fileRef = DEA22CFD2719CD4B0076E78B /* EmergencySettingsModel.swift */; };
		DEB710EC2716F21B00A52A20 /* HealthKit.framework in Frameworks */ = {isa = PBXBuildFile; fileRef = DEB710EB2716F21B00A52A20 /* HealthKit.framework */; };
		DECC4E6627282B2C00F030AA /* LocationManager.swift in Sources */ = {isa = PBXBuildFile; fileRef = DECC4E6527282B2C00F030AA /* LocationManager.swift */; };
		DED0F24A282A9358007EACBF /* NativeManagerSingleton.swift in Sources */ = {isa = PBXBuildFile; fileRef = DED0F249282A9358007EACBF /* NativeManagerSingleton.swift */; };
		F5BA2FD9B8A24782ACFE8567 /* Roboto-Thin.ttf in Resources */ = {isa = PBXBuildFile; fileRef = ECE29D24D55242C9954FD05D /* Roboto-Thin.ttf */; };
/* End PBXBuildFile section */

/* Begin PBXContainerItemProxy section */
		00E356F41AD99517003FC87E /* PBXContainerItemProxy */ = {
			isa = PBXContainerItemProxy;
			containerPortal = 83CBB9F71A601CBA00E9B192 /* Project object */;
			proxyType = 1;
			remoteGlobalIDString = 13B07F861A680F5B00A75B9A;
			remoteInfo = Biostasis;
		};
/* End PBXContainerItemProxy section */

/* Begin PBXFileReference section */
		00E356EE1AD99517003FC87E /* BiostasisTests.xctest */ = {isa = PBXFileReference; explicitFileType = wrapper.cfbundle; includeInIndex = 0; path = BiostasisTests.xctest; sourceTree = BUILT_PRODUCTS_DIR; };
		00E356F11AD99517003FC87E /* Info.plist */ = {isa = PBXFileReference; lastKnownFileType = text.plist.xml; path = Info.plist; sourceTree = "<group>"; };
		00E356F21AD99517003FC87E /* BiostasisTests.m */ = {isa = PBXFileReference; lastKnownFileType = sourcecode.c.objc; path = BiostasisTests.m; sourceTree = "<group>"; };
		13B07F961A680F5B00A75B9A /* Biostasis.app */ = {isa = PBXFileReference; explicitFileType = wrapper.application; includeInIndex = 0; path = Biostasis.app; sourceTree = BUILT_PRODUCTS_DIR; };
		13B07FAF1A68108700A75B9A /* AppDelegate.h */ = {isa = PBXFileReference; fileEncoding = 4; lastKnownFileType = sourcecode.c.h; name = AppDelegate.h; path = Biostasis/AppDelegate.h; sourceTree = "<group>"; };
		13B07FB01A68108700A75B9A /* AppDelegate.m */ = {isa = PBXFileReference; fileEncoding = 4; lastKnownFileType = sourcecode.c.objc; name = AppDelegate.m; path = Biostasis/AppDelegate.m; sourceTree = "<group>"; };
		13B07FB51A68108700A75B9A /* Images.xcassets */ = {isa = PBXFileReference; lastKnownFileType = folder.assetcatalog; name = Images.xcassets; path = Biostasis/Images.xcassets; sourceTree = "<group>"; };
		13B07FB61A68108700A75B9A /* Info.plist */ = {isa = PBXFileReference; fileEncoding = 4; lastKnownFileType = text.plist.xml; name = Info.plist; path = Biostasis/Info.plist; sourceTree = "<group>"; };
		13B07FB71A68108700A75B9A /* main.m */ = {isa = PBXFileReference; fileEncoding = 4; lastKnownFileType = sourcecode.c.objc; name = main.m; path = Biostasis/main.m; sourceTree = "<group>"; };
		14E5BC30E6DC483CB1AFC8CA /* Roboto-Medium.ttf */ = {isa = PBXFileReference; explicitFileType = undefined; fileEncoding = 9; includeInIndex = 0; lastKnownFileType = unknown; name = "Roboto-Medium.ttf"; path = "../assets/fonts/Roboto-Medium.ttf"; sourceTree = "<group>"; };
		3F51AFD36FFB4E63A65977E4 /* Roboto-MediumItalic.ttf */ = {isa = PBXFileReference; explicitFileType = undefined; fileEncoding = 9; includeInIndex = 0; lastKnownFileType = unknown; name = "Roboto-MediumItalic.ttf"; path = "../assets/fonts/Roboto-MediumItalic.ttf"; sourceTree = "<group>"; };
		41399FEC40594D26A458E2AB /* Roboto-Italic.ttf */ = {isa = PBXFileReference; explicitFileType = undefined; fileEncoding = 9; includeInIndex = 0; lastKnownFileType = unknown; name = "Roboto-Italic.ttf"; path = "../assets/fonts/Roboto-Italic.ttf"; sourceTree = "<group>"; };
		46B1EBB209CF481A90A7DC7A /* Roboto-BoldItalic.ttf */ = {isa = PBXFileReference; explicitFileType = undefined; fileEncoding = 9; includeInIndex = 0; lastKnownFileType = unknown; name = "Roboto-BoldItalic.ttf"; path = "../assets/fonts/Roboto-BoldItalic.ttf"; sourceTree = "<group>"; };
		4CC89AA1518B4007A8877B0B /* Roboto-Bold.ttf */ = {isa = PBXFileReference; explicitFileType = undefined; fileEncoding = 9; includeInIndex = 0; lastKnownFileType = unknown; name = "Roboto-Bold.ttf"; path = "../assets/fonts/Roboto-Bold.ttf"; sourceTree = "<group>"; };
		5134DD5640AF4BF9D351BF09 /* libPods-Biostasis-BiostasisTests.a */ = {isa = PBXFileReference; explicitFileType = archive.ar; includeInIndex = 0; path = "libPods-Biostasis-BiostasisTests.a"; sourceTree = BUILT_PRODUCTS_DIR; };
		5A89B183B7204B9D98B18225 /* Roboto-Light.ttf */ = {isa = PBXFileReference; explicitFileType = undefined; fileEncoding = 9; includeInIndex = 0; lastKnownFileType = unknown; name = "Roboto-Light.ttf"; path = "../assets/fonts/Roboto-Light.ttf"; sourceTree = "<group>"; };
		6091FD612695879200CF10E5 /* Ionicons.ttf */ = {isa = PBXFileReference; lastKnownFileType = file; name = Ionicons.ttf; path = "../node_modules/react-native-vector-icons/Fonts/Ionicons.ttf"; sourceTree = "<group>"; };
		6091FD622695879200CF10E5 /* MaterialCommunityIcons.ttf */ = {isa = PBXFileReference; lastKnownFileType = file; name = MaterialCommunityIcons.ttf; path = "../node_modules/react-native-vector-icons/Fonts/MaterialCommunityIcons.ttf"; sourceTree = "<group>"; };
		6091FD632695879200CF10E5 /* Foundation.ttf */ = {isa = PBXFileReference; lastKnownFileType = file; name = Foundation.ttf; path = "../node_modules/react-native-vector-icons/Fonts/Foundation.ttf"; sourceTree = "<group>"; };
		6091FD642695879200CF10E5 /* FontAwesome.ttf */ = {isa = PBXFileReference; lastKnownFileType = file; name = FontAwesome.ttf; path = "../node_modules/react-native-vector-icons/Fonts/FontAwesome.ttf"; sourceTree = "<group>"; };
		6091FD652695879200CF10E5 /* AntDesign.ttf */ = {isa = PBXFileReference; lastKnownFileType = file; name = AntDesign.ttf; path = "../node_modules/react-native-vector-icons/Fonts/AntDesign.ttf"; sourceTree = "<group>"; };
		6091FD662695879200CF10E5 /* FontAwesome5_Brands.ttf */ = {isa = PBXFileReference; lastKnownFileType = file; name = FontAwesome5_Brands.ttf; path = "../node_modules/react-native-vector-icons/Fonts/FontAwesome5_Brands.ttf"; sourceTree = "<group>"; };
		6091FD672695879200CF10E5 /* FontAwesome5_Solid.ttf */ = {isa = PBXFileReference; lastKnownFileType = file; name = FontAwesome5_Solid.ttf; path = "../node_modules/react-native-vector-icons/Fonts/FontAwesome5_Solid.ttf"; sourceTree = "<group>"; };
		6091FD682695879200CF10E5 /* Entypo.ttf */ = {isa = PBXFileReference; lastKnownFileType = file; name = Entypo.ttf; path = "../node_modules/react-native-vector-icons/Fonts/Entypo.ttf"; sourceTree = "<group>"; };
		6091FD692695879200CF10E5 /* Fontisto.ttf */ = {isa = PBXFileReference; lastKnownFileType = file; name = Fontisto.ttf; path = "../node_modules/react-native-vector-icons/Fonts/Fontisto.ttf"; sourceTree = "<group>"; };
		6091FD6A2695879200CF10E5 /* SimpleLineIcons.ttf */ = {isa = PBXFileReference; lastKnownFileType = file; name = SimpleLineIcons.ttf; path = "../node_modules/react-native-vector-icons/Fonts/SimpleLineIcons.ttf"; sourceTree = "<group>"; };
		6091FD6B2695879200CF10E5 /* Zocial.ttf */ = {isa = PBXFileReference; lastKnownFileType = file; name = Zocial.ttf; path = "../node_modules/react-native-vector-icons/Fonts/Zocial.ttf"; sourceTree = "<group>"; };
		6091FD6C2695879200CF10E5 /* EvilIcons.ttf */ = {isa = PBXFileReference; lastKnownFileType = file; name = EvilIcons.ttf; path = "../node_modules/react-native-vector-icons/Fonts/EvilIcons.ttf"; sourceTree = "<group>"; };
		6091FD6D2695879200CF10E5 /* FontAwesome5_Regular.ttf */ = {isa = PBXFileReference; lastKnownFileType = file; name = FontAwesome5_Regular.ttf; path = "../node_modules/react-native-vector-icons/Fonts/FontAwesome5_Regular.ttf"; sourceTree = "<group>"; };
		6091FD6E2695879200CF10E5 /* MaterialIcons.ttf */ = {isa = PBXFileReference; lastKnownFileType = file; name = MaterialIcons.ttf; path = "../node_modules/react-native-vector-icons/Fonts/MaterialIcons.ttf"; sourceTree = "<group>"; };
		6091FD6F2695879300CF10E5 /* Feather.ttf */ = {isa = PBXFileReference; lastKnownFileType = file; name = Feather.ttf; path = "../node_modules/react-native-vector-icons/Fonts/Feather.ttf"; sourceTree = "<group>"; };
		6091FD702695879300CF10E5 /* Octicons.ttf */ = {isa = PBXFileReference; lastKnownFileType = file; name = Octicons.ttf; path = "../node_modules/react-native-vector-icons/Fonts/Octicons.ttf"; sourceTree = "<group>"; };
		615040CB7BF3540EB2B94762 /* Pods-Biostasis-BiostasisTests.debug.xcconfig */ = {isa = PBXFileReference; includeInIndex = 1; lastKnownFileType = text.xcconfig; name = "Pods-Biostasis-BiostasisTests.debug.xcconfig"; path = "Target Support Files/Pods-Biostasis-BiostasisTests/Pods-Biostasis-BiostasisTests.debug.xcconfig"; sourceTree = "<group>"; };
		707F0A9435984709B8E6A086 /* Roboto-Black.ttf */ = {isa = PBXFileReference; explicitFileType = undefined; fileEncoding = 9; includeInIndex = 0; lastKnownFileType = unknown; name = "Roboto-Black.ttf"; path = "../assets/fonts/Roboto-Black.ttf"; sourceTree = "<group>"; };
		7B19C3622859ECAB00A010BA /* alarm.mp3 */ = {isa = PBXFileReference; lastKnownFileType = audio.mp3; path = alarm.mp3; sourceTree = "<group>"; };
		81AB9BB72411601600AC10FF /* LaunchScreen.storyboard */ = {isa = PBXFileReference; fileEncoding = 4; lastKnownFileType = file.storyboard; name = LaunchScreen.storyboard; path = Biostasis/LaunchScreen.storyboard; sourceTree = "<group>"; };
		906626C1269324C30059D71E /* Biostasis-Bridging-Header.h */ = {isa = PBXFileReference; lastKnownFileType = sourcecode.c.h; path = "Biostasis-Bridging-Header.h"; sourceTree = "<group>"; };
		9113C1BEE12055AD4855AB83 /* Pods-Biostasis-BiostasisTests.release.xcconfig */ = {isa = PBXFileReference; includeInIndex = 1; lastKnownFileType = text.xcconfig; name = "Pods-Biostasis-BiostasisTests.release.xcconfig"; path = "Target Support Files/Pods-Biostasis-BiostasisTests/Pods-Biostasis-BiostasisTests.release.xcconfig"; sourceTree = "<group>"; };
		96563C88AAAB178990F8B804 /* Pods-Biostasis.release.xcconfig */ = {isa = PBXFileReference; includeInIndex = 1; lastKnownFileType = text.xcconfig; name = "Pods-Biostasis.release.xcconfig"; path = "Target Support Files/Pods-Biostasis/Pods-Biostasis.release.xcconfig"; sourceTree = "<group>"; };
		AFAC562F4A5B458689627887 /* Roboto-Regular.ttf */ = {isa = PBXFileReference; explicitFileType = undefined; fileEncoding = 9; includeInIndex = 0; lastKnownFileType = unknown; name = "Roboto-Regular.ttf"; path = "../assets/fonts/Roboto-Regular.ttf"; sourceTree = "<group>"; };
		B0D8D47E1D184EBFA5C3C195 /* Roboto-ThinItalic.ttf */ = {isa = PBXFileReference; explicitFileType = undefined; fileEncoding = 9; includeInIndex = 0; lastKnownFileType = unknown; name = "Roboto-ThinItalic.ttf"; path = "../assets/fonts/Roboto-ThinItalic.ttf"; sourceTree = "<group>"; };
		B314B8A62E004443A6E7ED73 /* Roboto-LightItalic.ttf */ = {isa = PBXFileReference; explicitFileType = undefined; fileEncoding = 9; includeInIndex = 0; lastKnownFileType = unknown; name = "Roboto-LightItalic.ttf"; path = "../assets/fonts/Roboto-LightItalic.ttf"; sourceTree = "<group>"; };
		CD341BC547E9A19DE6C09E34 /* Pods-Biostasis.debug.xcconfig */ = {isa = PBXFileReference; includeInIndex = 1; lastKnownFileType = text.xcconfig; name = "Pods-Biostasis.debug.xcconfig"; path = "Target Support Files/Pods-Biostasis/Pods-Biostasis.debug.xcconfig"; sourceTree = "<group>"; };
		DCA4F2C67D0360973726D31D /* libPods-Biostasis.a */ = {isa = PBXFileReference; explicitFileType = archive.ar; includeInIndex = 0; path = "libPods-Biostasis.a"; sourceTree = BUILT_PRODUCTS_DIR; };
		DE44816C282D4FC90009C1E3 /* RefreshTokenRO.swift */ = {isa = PBXFileReference; lastKnownFileType = sourcecode.swift; path = RefreshTokenRO.swift; sourceTree = "<group>"; };
		DE483C4C271D56E5000D338D /* NetworkingManager.swift */ = {isa = PBXFileReference; lastKnownFileType = sourcecode.swift; path = NetworkingManager.swift; sourceTree = "<group>"; };
		DE483C4E271D9C22000D338D /* NativeManagerBridge.m */ = {isa = PBXFileReference; lastKnownFileType = sourcecode.c.objc; path = NativeManagerBridge.m; sourceTree = "<group>"; };
		DE4EBAF12715B8EA0004DB17 /* LocalNotificationManager.swift */ = {isa = PBXFileReference; lastKnownFileType = sourcecode.swift; path = LocalNotificationManager.swift; sourceTree = "<group>"; };
		DE4EBAF32715D05B0004DB17 /* HealthKitManager.swift */ = {isa = PBXFileReference; lastKnownFileType = sourcecode.swift; path = HealthKitManager.swift; sourceTree = "<group>"; };
		DE4EBAF52715D83A0004DB17 /* HealthKitDataHandler.swift */ = {isa = PBXFileReference; fileEncoding = 4; lastKnownFileType = sourcecode.swift; path = HealthKitDataHandler.swift; sourceTree = "<group>"; };
		DE4EBAF72715DF9A0004DB17 /* NativeManager.swift */ = {isa = PBXFileReference; lastKnownFileType = sourcecode.swift; path = NativeManager.swift; sourceTree = "<group>"; };
		DE570156271ECF5600802391 /* apiModels.swift */ = {isa = PBXFileReference; lastKnownFileType = sourcecode.swift; path = apiModels.swift; sourceTree = "<group>"; };
		DE7DA3D32859F2C400F6AD78 /* GoogleService-Info-debug.plist */ = {isa = PBXFileReference; lastKnownFileType = text.plist.xml; path = "GoogleService-Info-debug.plist"; sourceTree = "<group>"; };
		DE7DA3D42859F2C400F6AD78 /* GoogleService-Info-prod.plist */ = {isa = PBXFileReference; lastKnownFileType = text.plist.xml; path = "GoogleService-Info-prod.plist"; sourceTree = "<group>"; };
		DE7F88F2272710B900CFB5DC /* UserModel.swift */ = {isa = PBXFileReference; lastKnownFileType = sourcecode.swift; path = UserModel.swift; sourceTree = "<group>"; };
		DEA22CFB271982070076E78B /* PersistentStorageManager.swift */ = {isa = PBXFileReference; lastKnownFileType = sourcecode.swift; path = PersistentStorageManager.swift; sourceTree = "<group>"; };
		DEA22CFD2719CD4B0076E78B /* EmergencySettingsModel.swift */ = {isa = PBXFileReference; lastKnownFileType = sourcecode.swift; path = EmergencySettingsModel.swift; sourceTree = "<group>"; };
		DEB710EA2716F21B00A52A20 /* Biostasis.entitlements */ = {isa = PBXFileReference; lastKnownFileType = text.plist.entitlements; name = Biostasis.entitlements; path = Biostasis/Biostasis.entitlements; sourceTree = "<group>"; };
		DEB710EB2716F21B00A52A20 /* HealthKit.framework */ = {isa = PBXFileReference; lastKnownFileType = wrapper.framework; name = HealthKit.framework; path = System/Library/Frameworks/HealthKit.framework; sourceTree = SDKROOT; };
		DECC4E6527282B2C00F030AA /* LocationManager.swift */ = {isa = PBXFileReference; lastKnownFileType = sourcecode.swift; path = LocationManager.swift; sourceTree = "<group>"; };
		DED0F249282A9358007EACBF /* NativeManagerSingleton.swift */ = {isa = PBXFileReference; lastKnownFileType = sourcecode.swift; path = NativeManagerSingleton.swift; sourceTree = "<group>"; };
		DEF976C3285234570091E4BB /* BiostasisRelease.entitlements */ = {isa = PBXFileReference; lastKnownFileType = text.plist.entitlements; name = BiostasisRelease.entitlements; path = Biostasis/BiostasisRelease.entitlements; sourceTree = "<group>"; };
		ECE29D24D55242C9954FD05D /* Roboto-Thin.ttf */ = {isa = PBXFileReference; explicitFileType = undefined; fileEncoding = 9; includeInIndex = 0; lastKnownFileType = unknown; name = "Roboto-Thin.ttf"; path = "../assets/fonts/Roboto-Thin.ttf"; sourceTree = "<group>"; };
		ED297162215061F000B7C4FE /* JavaScriptCore.framework */ = {isa = PBXFileReference; lastKnownFileType = wrapper.framework; name = JavaScriptCore.framework; path = System/Library/Frameworks/JavaScriptCore.framework; sourceTree = SDKROOT; };
		F64BF4B9E6E84221942CD427 /* Roboto-BlackItalic.ttf */ = {isa = PBXFileReference; explicitFileType = undefined; fileEncoding = 9; includeInIndex = 0; lastKnownFileType = unknown; name = "Roboto-BlackItalic.ttf"; path = "../assets/fonts/Roboto-BlackItalic.ttf"; sourceTree = "<group>"; };
/* End PBXFileReference section */

/* Begin PBXFrameworksBuildPhase section */
		00E356EB1AD99517003FC87E /* Frameworks */ = {
			isa = PBXFrameworksBuildPhase;
			buildActionMask = 2147483647;
			files = (
				83BE241DB58D680109433061 /* libPods-Biostasis-BiostasisTests.a in Frameworks */,
			);
			runOnlyForDeploymentPostprocessing = 0;
		};
		13B07F8C1A680F5B00A75B9A /* Frameworks */ = {
			isa = PBXFrameworksBuildPhase;
			buildActionMask = 2147483647;
			files = (
				DEB710EC2716F21B00A52A20 /* HealthKit.framework in Frameworks */,
				81236090DDE45FBE1764D73D /* libPods-Biostasis.a in Frameworks */,
			);
			runOnlyForDeploymentPostprocessing = 0;
		};
/* End PBXFrameworksBuildPhase section */

/* Begin PBXGroup section */
		00340143C2C4CE4861EC7A73 /* Pods */ = {
			isa = PBXGroup;
			children = (
				CD341BC547E9A19DE6C09E34 /* Pods-Biostasis.debug.xcconfig */,
				96563C88AAAB178990F8B804 /* Pods-Biostasis.release.xcconfig */,
				615040CB7BF3540EB2B94762 /* Pods-Biostasis-BiostasisTests.debug.xcconfig */,
				9113C1BEE12055AD4855AB83 /* Pods-Biostasis-BiostasisTests.release.xcconfig */,
			);
			path = Pods;
			sourceTree = "<group>";
		};
		00E356EF1AD99517003FC87E /* BiostasisTests */ = {
			isa = PBXGroup;
			children = (
				00E356F21AD99517003FC87E /* BiostasisTests.m */,
				00E356F01AD99517003FC87E /* Supporting Files */,
			);
			path = BiostasisTests;
			sourceTree = "<group>";
		};
		00E356F01AD99517003FC87E /* Supporting Files */ = {
			isa = PBXGroup;
			children = (
				00E356F11AD99517003FC87E /* Info.plist */,
			);
			name = "Supporting Files";
			sourceTree = "<group>";
		};
		13B07FAE1A68108700A75B9A /* Biostasis */ = {
			isa = PBXGroup;
			children = (
				DE7DA3D22859F2C400F6AD78 /* Firebase */,
				DEF976C3285234570091E4BB /* BiostasisRelease.entitlements */,
				7B19C3622859ECAB00A010BA /* alarm.mp3 */,
				DEB710EA2716F21B00A52A20 /* Biostasis.entitlements */,
				13B07FAF1A68108700A75B9A /* AppDelegate.h */,
				13B07FB01A68108700A75B9A /* AppDelegate.m */,
				13B07FB51A68108700A75B9A /* Images.xcassets */,
				13B07FB61A68108700A75B9A /* Info.plist */,
				81AB9BB72411601600AC10FF /* LaunchScreen.storyboard */,
				13B07FB71A68108700A75B9A /* main.m */,
			);
			name = Biostasis;
			sourceTree = "<group>";
		};
		2D16E6871FA4F8E400B85C8A /* Frameworks */ = {
			isa = PBXGroup;
			children = (
				DEB710EB2716F21B00A52A20 /* HealthKit.framework */,
				ED297162215061F000B7C4FE /* JavaScriptCore.framework */,
				DCA4F2C67D0360973726D31D /* libPods-Biostasis.a */,
				5134DD5640AF4BF9D351BF09 /* libPods-Biostasis-BiostasisTests.a */,
			);
			name = Frameworks;
			sourceTree = "<group>";
		};
		832341AE1AAA6A7D00B99B32 /* Libraries */ = {
			isa = PBXGroup;
			children = (
			);
			name = Libraries;
			sourceTree = "<group>";
		};
		83CBB9F61A601CBA00E9B192 = {
			isa = PBXGroup;
			children = (
				906626C1269324C30059D71E /* Biostasis-Bridging-Header.h */,
				DE483C4E271D9C22000D338D /* NativeManagerBridge.m */,
				DE570153271ECEA400802391 /* Native */,
				13B07FAE1A68108700A75B9A /* Biostasis */,
				832341AE1AAA6A7D00B99B32 /* Libraries */,
				00E356EF1AD99517003FC87E /* BiostasisTests */,
				83CBBA001A601CBA00E9B192 /* Products */,
				2D16E6871FA4F8E400B85C8A /* Frameworks */,
				00340143C2C4CE4861EC7A73 /* Pods */,
				9A58D114153D4114B8259CE9 /* Resources */,
			);
			indentWidth = 2;
			sourceTree = "<group>";
			tabWidth = 2;
			usesTabs = 0;
		};
		83CBBA001A601CBA00E9B192 /* Products */ = {
			isa = PBXGroup;
			children = (
				13B07F961A680F5B00A75B9A /* Biostasis.app */,
				00E356EE1AD99517003FC87E /* BiostasisTests.xctest */,
			);
			name = Products;
			sourceTree = "<group>";
		};
		9A58D114153D4114B8259CE9 /* Resources */ = {
			isa = PBXGroup;
			children = (
				6091FD652695879200CF10E5 /* AntDesign.ttf */,
				6091FD682695879200CF10E5 /* Entypo.ttf */,
				6091FD6C2695879200CF10E5 /* EvilIcons.ttf */,
				6091FD6F2695879300CF10E5 /* Feather.ttf */,
				6091FD642695879200CF10E5 /* FontAwesome.ttf */,
				6091FD662695879200CF10E5 /* FontAwesome5_Brands.ttf */,
				6091FD6D2695879200CF10E5 /* FontAwesome5_Regular.ttf */,
				6091FD672695879200CF10E5 /* FontAwesome5_Solid.ttf */,
				6091FD692695879200CF10E5 /* Fontisto.ttf */,
				6091FD632695879200CF10E5 /* Foundation.ttf */,
				6091FD612695879200CF10E5 /* Ionicons.ttf */,
				6091FD622695879200CF10E5 /* MaterialCommunityIcons.ttf */,
				6091FD6E2695879200CF10E5 /* MaterialIcons.ttf */,
				6091FD702695879300CF10E5 /* Octicons.ttf */,
				6091FD6A2695879200CF10E5 /* SimpleLineIcons.ttf */,
				6091FD6B2695879200CF10E5 /* Zocial.ttf */,
				41399FEC40594D26A458E2AB /* Roboto-Italic.ttf */,
				AFAC562F4A5B458689627887 /* Roboto-Regular.ttf */,
				707F0A9435984709B8E6A086 /* Roboto-Black.ttf */,
				F64BF4B9E6E84221942CD427 /* Roboto-BlackItalic.ttf */,
				4CC89AA1518B4007A8877B0B /* Roboto-Bold.ttf */,
				46B1EBB209CF481A90A7DC7A /* Roboto-BoldItalic.ttf */,
				5A89B183B7204B9D98B18225 /* Roboto-Light.ttf */,
				B314B8A62E004443A6E7ED73 /* Roboto-LightItalic.ttf */,
				14E5BC30E6DC483CB1AFC8CA /* Roboto-Medium.ttf */,
				3F51AFD36FFB4E63A65977E4 /* Roboto-MediumItalic.ttf */,
				ECE29D24D55242C9954FD05D /* Roboto-Thin.ttf */,
				B0D8D47E1D184EBFA5C3C195 /* Roboto-ThinItalic.ttf */,
			);
			name = Resources;
			sourceTree = "<group>";
		};
		DE570153271ECEA400802391 /* Native */ = {
			isa = PBXGroup;
			children = (
				DE570154271ECEAF00802391 /* Managers */,
				DE570155271ECF0200802391 /* Models */,
			);
			path = Native;
			sourceTree = "<group>";
		};
		DE570154271ECEAF00802391 /* Managers */ = {
			isa = PBXGroup;
			children = (
				DE4EBAF72715DF9A0004DB17 /* NativeManager.swift */,
				DED0F249282A9358007EACBF /* NativeManagerSingleton.swift */,
				DE4EBAF32715D05B0004DB17 /* HealthKitManager.swift */,
				DE4EBAF52715D83A0004DB17 /* HealthKitDataHandler.swift */,
				DE483C4C271D56E5000D338D /* NetworkingManager.swift */,
				DEA22CFB271982070076E78B /* PersistentStorageManager.swift */,
				DE4EBAF12715B8EA0004DB17 /* LocalNotificationManager.swift */,
				DECC4E6527282B2C00F030AA /* LocationManager.swift */,
			);
			path = Managers;
			sourceTree = "<group>";
		};
		DE570155271ECF0200802391 /* Models */ = {
			isa = PBXGroup;
			children = (
				DEA22CFD2719CD4B0076E78B /* EmergencySettingsModel.swift */,
				DE570156271ECF5600802391 /* apiModels.swift */,
				DE7F88F2272710B900CFB5DC /* UserModel.swift */,
				DE44816C282D4FC90009C1E3 /* RefreshTokenRO.swift */,
			);
			path = Models;
			sourceTree = "<group>";
		};
		DE7DA3D22859F2C400F6AD78 /* Firebase */ = {
			isa = PBXGroup;
			children = (
				DE7DA3D32859F2C400F6AD78 /* GoogleService-Info-debug.plist */,
				DE7DA3D42859F2C400F6AD78 /* GoogleService-Info-prod.plist */,
			);
			path = Firebase;
			sourceTree = "<group>";
		};
/* End PBXGroup section */

/* Begin PBXNativeTarget section */
		00E356ED1AD99517003FC87E /* BiostasisTests */ = {
			isa = PBXNativeTarget;
			buildConfigurationList = 00E357021AD99517003FC87E /* Build configuration list for PBXNativeTarget "BiostasisTests" */;
			buildPhases = (
				EC0A8BA8D007F1ABA457A601 /* [CP] Check Pods Manifest.lock */,
				00E356EA1AD99517003FC87E /* Sources */,
				00E356EB1AD99517003FC87E /* Frameworks */,
				00E356EC1AD99517003FC87E /* Resources */,
				5849328BF7C61C14A9443DA7 /* [CP] Embed Pods Frameworks */,
				F93B23AB74B87D4952392A61 /* [CP] Copy Pods Resources */,
			);
			buildRules = (
			);
			dependencies = (
				00E356F51AD99517003FC87E /* PBXTargetDependency */,
			);
			name = BiostasisTests;
			productName = BiostasisTests;
			productReference = 00E356EE1AD99517003FC87E /* BiostasisTests.xctest */;
			productType = "com.apple.product-type.bundle.unit-test";
		};
		13B07F861A680F5B00A75B9A /* Biostasis */ = {
			isa = PBXNativeTarget;
			buildConfigurationList = 13B07F931A680F5B00A75B9A /* Build configuration list for PBXNativeTarget "Biostasis" */;
			buildPhases = (
				4FF3D69E1E42EB668112C603 /* [CP] Check Pods Manifest.lock */,
				FD10A7F022414F080027D42C /* Start Packager */,
				13B07F871A680F5B00A75B9A /* Sources */,
				13B07F8C1A680F5B00A75B9A /* Frameworks */,
				DE7DA3D12859ED4E00F6AD78 /* Setup Firebase */,
				13B07F8E1A680F5B00A75B9A /* Resources */,
				00DD1BFF1BD5951E006B06BC /* Bundle React Native code and images */,
				72590B712FAEC4A7D5B64952 /* [CP] Embed Pods Frameworks */,
				AFFF81CF9EF4FD8B6315D6C5 /* [CP] Copy Pods Resources */,
				E064D2B46689E71B703A71F5 /* [CP-User] [RNFB] Core Configuration */,
				0183F9EDD3709DA1E2594010 /* [CP-User] [RNFB] Crashlytics Configuration */,
			);
			buildRules = (
			);
			dependencies = (
			);
			name = Biostasis;
			productName = Biostasis;
			productReference = 13B07F961A680F5B00A75B9A /* Biostasis.app */;
			productType = "com.apple.product-type.application";
		};
/* End PBXNativeTarget section */

/* Begin PBXProject section */
		83CBB9F71A601CBA00E9B192 /* Project object */ = {
			isa = PBXProject;
			attributes = {
				LastUpgradeCheck = 1210;
				TargetAttributes = {
					00E356ED1AD99517003FC87E = {
						CreatedOnToolsVersion = 6.2;
						TestTargetID = 13B07F861A680F5B00A75B9A;
					};
					13B07F861A680F5B00A75B9A = {
						LastSwiftMigration = 1250;
					};
				};
			};
			buildConfigurationList = 83CBB9FA1A601CBA00E9B192 /* Build configuration list for PBXProject "Biostasis" */;
			compatibilityVersion = "Xcode 12.0";
			developmentRegion = en;
			hasScannedForEncodings = 0;
			knownRegions = (
				en,
				Base,
			);
			mainGroup = 83CBB9F61A601CBA00E9B192;
			productRefGroup = 83CBBA001A601CBA00E9B192 /* Products */;
			projectDirPath = "";
			projectRoot = "";
			targets = (
				13B07F861A680F5B00A75B9A /* Biostasis */,
				00E356ED1AD99517003FC87E /* BiostasisTests */,
			);
		};
/* End PBXProject section */

/* Begin PBXResourcesBuildPhase section */
		00E356EC1AD99517003FC87E /* Resources */ = {
			isa = PBXResourcesBuildPhase;
			buildActionMask = 2147483647;
			files = (
				906626C426933B690059D71E /* Roboto-Italic.ttf in Resources */,
				906626C526933B690059D71E /* Roboto-Regular.ttf in Resources */,
				906626C626933B690059D71E /* Roboto-Black.ttf in Resources */,
				906626C726933B690059D71E /* Roboto-BlackItalic.ttf in Resources */,
				906626C826933B690059D71E /* Roboto-Bold.ttf in Resources */,
				906626C926933B690059D71E /* Roboto-BoldItalic.ttf in Resources */,
				906626CA26933B690059D71E /* Roboto-Light.ttf in Resources */,
				906626CB26933B690059D71E /* Roboto-LightItalic.ttf in Resources */,
				906626CC26933B690059D71E /* Roboto-Medium.ttf in Resources */,
				906626CD26933B690059D71E /* Roboto-MediumItalic.ttf in Resources */,
				906626CE26933B690059D71E /* Roboto-Thin.ttf in Resources */,
				906626CF26933B690059D71E /* Roboto-ThinItalic.ttf in Resources */,
			);
			runOnlyForDeploymentPostprocessing = 0;
		};
		13B07F8E1A680F5B00A75B9A /* Resources */ = {
			isa = PBXResourcesBuildPhase;
			buildActionMask = 2147483647;
			files = (
				81AB9BB82411601600AC10FF /* LaunchScreen.storyboard in Resources */,
				13B07FBF1A68108700A75B9A /* Images.xcassets in Resources */,
				4A1A5CA6F73B4C34A3596565 /* Roboto-Italic.ttf in Resources */,
				7B19C3632859ECAB00A010BA /* alarm.mp3 in Resources */,
				399B34F2DEE44D55A49E4320 /* Roboto-Regular.ttf in Resources */,
				A4E7E50E24FC44F5B3F25D7E /* Roboto-Black.ttf in Resources */,
				C8664E7E5F324D608BBE78A9 /* Roboto-BlackItalic.ttf in Resources */,
				2AA9E4AFBB7749DE828B502F /* Roboto-Bold.ttf in Resources */,
				587D4E3B4C174C939A8B62DF /* Roboto-BoldItalic.ttf in Resources */,
				C1B958C277574F0285C3B0A9 /* Roboto-Light.ttf in Resources */,
				5BF94DA5DBA643CE9326A367 /* Roboto-LightItalic.ttf in Resources */,
				50D8EEDD912E46D2901F5480 /* Roboto-Medium.ttf in Resources */,
				1F983D67C3EE4845A6E00F5C /* Roboto-MediumItalic.ttf in Resources */,
				F5BA2FD9B8A24782ACFE8567 /* Roboto-Thin.ttf in Resources */,
				2D4BF4AEF2B84A4480606CBC /* Roboto-ThinItalic.ttf in Resources */,
			);
			runOnlyForDeploymentPostprocessing = 0;
		};
/* End PBXResourcesBuildPhase section */

/* Begin PBXShellScriptBuildPhase section */
		00DD1BFF1BD5951E006B06BC /* Bundle React Native code and images */ = {
			isa = PBXShellScriptBuildPhase;
			buildActionMask = 2147483647;
			files = (
			);
			inputPaths = (
			);
			name = "Bundle React Native code and images";
			outputPaths = (
			);
			runOnlyForDeploymentPostprocessing = 0;
			shellPath = /bin/sh;
			shellScript = "set -e\n\nexport NODE_BINARY=node\n../node_modules/react-native/scripts/react-native-xcode.sh\n";
		};
		0183F9EDD3709DA1E2594010 /* [CP-User] [RNFB] Crashlytics Configuration */ = {
			isa = PBXShellScriptBuildPhase;
			buildActionMask = 2147483647;
			files = (
			);
			inputPaths = (
				"${DWARF_DSYM_FOLDER_PATH}/${DWARF_DSYM_FILE_NAME}/Contents/Resources/DWARF/${TARGET_NAME}",
				"$(SRCROOT)/$(BUILT_PRODUCTS_DIR)/$(INFOPLIST_PATH)",
			);
			name = "[CP-User] [RNFB] Crashlytics Configuration";
			runOnlyForDeploymentPostprocessing = 0;
			shellPath = /bin/sh;
			shellScript = "#!/usr/bin/env bash\n#\n# Copyright (c) 2016-present Invertase Limited & Contributors\n#\n# Licensed under the Apache License, Version 2.0 (the \"License\");\n# you may not use this library except in compliance with the License.\n# You may obtain a copy of the License at\n#\n#   http://www.apache.org/licenses/LICENSE-2.0\n#\n# Unless required by applicable law or agreed to in writing, software\n# distributed under the License is distributed on an \"AS IS\" BASIS,\n# WITHOUT WARRANTIES OR CONDITIONS OF ANY KIND, either express or implied.\n# See the License for the specific language governing permissions and\n# limitations under the License.\n#\nset -e\n\nif [[ ${PODS_ROOT} ]]; then\n  echo \"info: Exec FirebaseCrashlytics Run from Pods\"\n  \"${PODS_ROOT}/FirebaseCrashlytics/run\"\nelse\n  echo \"info: Exec FirebaseCrashlytics Run from framework\"\n  \"${PROJECT_DIR}/FirebaseCrashlytics.framework/run\"\nfi\n";
		};
		4FF3D69E1E42EB668112C603 /* [CP] Check Pods Manifest.lock */ = {
			isa = PBXShellScriptBuildPhase;
			buildActionMask = 2147483647;
			files = (
			);
			inputFileListPaths = (
			);
			inputPaths = (
				"${PODS_PODFILE_DIR_PATH}/Podfile.lock",
				"${PODS_ROOT}/Manifest.lock",
			);
			name = "[CP] Check Pods Manifest.lock";
			outputFileListPaths = (
			);
			outputPaths = (
				"$(DERIVED_FILE_DIR)/Pods-Biostasis-checkManifestLockResult.txt",
			);
			runOnlyForDeploymentPostprocessing = 0;
			shellPath = /bin/sh;
			shellScript = "diff \"${PODS_PODFILE_DIR_PATH}/Podfile.lock\" \"${PODS_ROOT}/Manifest.lock\" > /dev/null\nif [ $? != 0 ] ; then\n    # print error to STDERR\n    echo \"error: The sandbox is not in sync with the Podfile.lock. Run 'pod install' or update your CocoaPods installation.\" >&2\n    exit 1\nfi\n# This output is used by Xcode 'outputs' to avoid re-running this script phase.\necho \"SUCCESS\" > \"${SCRIPT_OUTPUT_FILE_0}\"\n";
			showEnvVarsInLog = 0;
		};
		5849328BF7C61C14A9443DA7 /* [CP] Embed Pods Frameworks */ = {
			isa = PBXShellScriptBuildPhase;
			buildActionMask = 2147483647;
			files = (
			);
			inputFileListPaths = (
				"${PODS_ROOT}/Target Support Files/Pods-Biostasis-BiostasisTests/Pods-Biostasis-BiostasisTests-frameworks-${CONFIGURATION}-input-files.xcfilelist",
			);
			name = "[CP] Embed Pods Frameworks";
			outputFileListPaths = (
				"${PODS_ROOT}/Target Support Files/Pods-Biostasis-BiostasisTests/Pods-Biostasis-BiostasisTests-frameworks-${CONFIGURATION}-output-files.xcfilelist",
			);
			runOnlyForDeploymentPostprocessing = 0;
			shellPath = /bin/sh;
			shellScript = "\"${PODS_ROOT}/Target Support Files/Pods-Biostasis-BiostasisTests/Pods-Biostasis-BiostasisTests-frameworks.sh\"\n";
			showEnvVarsInLog = 0;
		};
		72590B712FAEC4A7D5B64952 /* [CP] Embed Pods Frameworks */ = {
			isa = PBXShellScriptBuildPhase;
			buildActionMask = 2147483647;
			files = (
			);
			inputFileListPaths = (
				"${PODS_ROOT}/Target Support Files/Pods-Biostasis/Pods-Biostasis-frameworks-${CONFIGURATION}-input-files.xcfilelist",
			);
			name = "[CP] Embed Pods Frameworks";
			outputFileListPaths = (
				"${PODS_ROOT}/Target Support Files/Pods-Biostasis/Pods-Biostasis-frameworks-${CONFIGURATION}-output-files.xcfilelist",
			);
			runOnlyForDeploymentPostprocessing = 0;
			shellPath = /bin/sh;
			shellScript = "\"${PODS_ROOT}/Target Support Files/Pods-Biostasis/Pods-Biostasis-frameworks.sh\"\n";
			showEnvVarsInLog = 0;
		};
		AFFF81CF9EF4FD8B6315D6C5 /* [CP] Copy Pods Resources */ = {
			isa = PBXShellScriptBuildPhase;
			buildActionMask = 2147483647;
			files = (
			);
			inputFileListPaths = (
				"${PODS_ROOT}/Target Support Files/Pods-Biostasis/Pods-Biostasis-resources-${CONFIGURATION}-input-files.xcfilelist",
			);
			name = "[CP] Copy Pods Resources";
			outputFileListPaths = (
				"${PODS_ROOT}/Target Support Files/Pods-Biostasis/Pods-Biostasis-resources-${CONFIGURATION}-output-files.xcfilelist",
			);
			runOnlyForDeploymentPostprocessing = 0;
			shellPath = /bin/sh;
			shellScript = "\"${PODS_ROOT}/Target Support Files/Pods-Biostasis/Pods-Biostasis-resources.sh\"\n";
			showEnvVarsInLog = 0;
		};
		DE7DA3D12859ED4E00F6AD78 /* Setup Firebase */ = {
			isa = PBXShellScriptBuildPhase;
			buildActionMask = 2147483647;
			files = (
			);
			inputFileListPaths = (
			);
			inputPaths = (
			);
			name = "Setup Firebase";
			outputFileListPaths = (
			);
			outputPaths = (
			);
			runOnlyForDeploymentPostprocessing = 0;
			shellPath = /bin/sh;
			shellScript = "PATH_TO_GOOGLE_PLISTS=\"${PROJECT_DIR}/Firebase\"\n\necho \"Firebase configuration for ${CONFIGURATION}\"\ncase \"${CONFIGURATION}\" in\n\n   \"Debug\" )\n        cp -r \"$PATH_TO_GOOGLE_PLISTS/GoogleService-Info-debug.plist\" \"${BUILT_PRODUCTS_DIR}/${PRODUCT_NAME}.app/GoogleService-Info.plist\" ;;\n\n   \"Release\" )\n        cp -r \"$PATH_TO_GOOGLE_PLISTS/GoogleService-Info-prod.plist\" \"${BUILT_PRODUCTS_DIR}/${PRODUCT_NAME}.app/GoogleService-Info.plist\" ;;\n\n    *)\n    echo \"error: The Firebase setup is not configured for this scheme\" >&2\n    exit 1 ;;\nesac\n";
		};
		E064D2B46689E71B703A71F5 /* [CP-User] [RNFB] Core Configuration */ = {
			isa = PBXShellScriptBuildPhase;
			buildActionMask = 2147483647;
			files = (
			);
			inputPaths = (
				"$(BUILT_PRODUCTS_DIR)/$(INFOPLIST_PATH)",
			);
			name = "[CP-User] [RNFB] Core Configuration";
			runOnlyForDeploymentPostprocessing = 0;
			shellPath = /bin/sh;
			shellScript = "#!/usr/bin/env bash\n#\n# Copyright (c) 2016-present Invertase Limited & Contributors\n#\n# Licensed under the Apache License, Version 2.0 (the \"License\");\n# you may not use this library except in compliance with the License.\n# You may obtain a copy of the License at\n#\n#   http://www.apache.org/licenses/LICENSE-2.0\n#\n# Unless required by applicable law or agreed to in writing, software\n# distributed under the License is distributed on an \"AS IS\" BASIS,\n# WITHOUT WARRANTIES OR CONDITIONS OF ANY KIND, either express or implied.\n# See the License for the specific language governing permissions and\n# limitations under the License.\n#\nset -e\n\n_MAX_LOOKUPS=2;\n_SEARCH_RESULT=''\n_RN_ROOT_EXISTS=''\n_CURRENT_LOOKUPS=1\n_JSON_ROOT=\"'react-native'\"\n_JSON_FILE_NAME='firebase.json'\n_JSON_OUTPUT_BASE64='e30=' # { }\n_CURRENT_SEARCH_DIR=${PROJECT_DIR}\n_PLIST_BUDDY=/usr/libexec/PlistBuddy\n_TARGET_PLIST=\"${BUILT_PRODUCTS_DIR}/${INFOPLIST_PATH}\"\n_DSYM_PLIST=\"${DWARF_DSYM_FOLDER_PATH}/${DWARF_DSYM_FILE_NAME}/Contents/Info.plist\"\n\n# plist arrays\n_PLIST_ENTRY_KEYS=()\n_PLIST_ENTRY_TYPES=()\n_PLIST_ENTRY_VALUES=()\n\nfunction setPlistValue {\n  echo \"info:      setting plist entry '$1' of type '$2' in file '$4'\"\n  ${_PLIST_BUDDY} -c \"Add :$1 $2 '$3'\" $4 || echo \"info:      '$1' already exists\"\n}\n\nfunction getFirebaseJsonKeyValue () {\n  if [[ ${_RN_ROOT_EXISTS} ]]; then\n    ruby -e \"require 'rubygems';require 'json'; output=JSON.parse('$1'); puts output[$_JSON_ROOT]['$2']\"\n  else\n    echo \"\"\n  fi;\n}\n\nfunction jsonBoolToYesNo () {\n  if [[ $1 == \"false\" ]]; then\n    echo \"NO\"\n  elif [[ $1 == \"true\" ]]; then\n    echo \"YES\"\n  else echo \"NO\"\n  fi\n}\n\necho \"info: -> RNFB build script started\"\necho \"info: 1) Locating ${_JSON_FILE_NAME} file:\"\n\nif [[ -z ${_CURRENT_SEARCH_DIR} ]]; then\n  _CURRENT_SEARCH_DIR=$(pwd)\nfi;\n\nwhile true; do\n  _CURRENT_SEARCH_DIR=$(dirname \"$_CURRENT_SEARCH_DIR\")\n  if [[ \"$_CURRENT_SEARCH_DIR\" == \"/\" ]] || [[ ${_CURRENT_LOOKUPS} -gt ${_MAX_LOOKUPS} ]]; then break; fi;\n  echo \"info:      ($_CURRENT_LOOKUPS of $_MAX_LOOKUPS) Searching in '$_CURRENT_SEARCH_DIR' for a ${_JSON_FILE_NAME} file.\"\n  _SEARCH_RESULT=$(find \"$_CURRENT_SEARCH_DIR\" -maxdepth 2 -name ${_JSON_FILE_NAME} -print | /usr/bin/head -n 1)\n  if [[ ${_SEARCH_RESULT} ]]; then\n    echo \"info:      ${_JSON_FILE_NAME} found at $_SEARCH_RESULT\"\n    break;\n  fi;\n  _CURRENT_LOOKUPS=$((_CURRENT_LOOKUPS+1))\ndone\n\nif [[ ${_SEARCH_RESULT} ]]; then\n  _JSON_OUTPUT_RAW=$(cat \"${_SEARCH_RESULT}\")\n  _RN_ROOT_EXISTS=$(ruby -e \"require 'rubygems';require 'json'; output=JSON.parse('$_JSON_OUTPUT_RAW'); puts output[$_JSON_ROOT]\" || echo '')\n\n  if [[ ${_RN_ROOT_EXISTS} ]]; then\n    _JSON_OUTPUT_BASE64=$(python -c 'import json,sys,base64;print(base64.b64encode(json.dumps(json.loads(open('\"'${_SEARCH_RESULT}'\"').read())['${_JSON_ROOT}'])))' || echo \"e30=\")\n  fi\n\n  _PLIST_ENTRY_KEYS+=(\"firebase_json_raw\")\n  _PLIST_ENTRY_TYPES+=(\"string\")\n  _PLIST_ENTRY_VALUES+=(\"$_JSON_OUTPUT_BASE64\")\n\n  # config.app_data_collection_default_enabled\n  _APP_DATA_COLLECTION_ENABLED=$(getFirebaseJsonKeyValue \"$_JSON_OUTPUT_RAW\" \"app_data_collection_default_enabled\")\n  if [[ $_APP_DATA_COLLECTION_ENABLED ]]; then\n    _PLIST_ENTRY_KEYS+=(\"FirebaseDataCollectionDefaultEnabled\")\n    _PLIST_ENTRY_TYPES+=(\"bool\")\n    _PLIST_ENTRY_VALUES+=(\"$(jsonBoolToYesNo \"$_APP_DATA_COLLECTION_ENABLED\")\")\n  fi\n\n  # config.analytics_auto_collection_enabled\n  _ANALYTICS_AUTO_COLLECTION=$(getFirebaseJsonKeyValue \"$_JSON_OUTPUT_RAW\" \"analytics_auto_collection_enabled\")\n  if [[ $_ANALYTICS_AUTO_COLLECTION ]]; then\n    _PLIST_ENTRY_KEYS+=(\"FIREBASE_ANALYTICS_COLLECTION_ENABLED\")\n    _PLIST_ENTRY_TYPES+=(\"bool\")\n    _PLIST_ENTRY_VALUES+=(\"$(jsonBoolToYesNo \"$_ANALYTICS_AUTO_COLLECTION\")\")\n  fi\n\n  # config.analytics_collection_deactivated\n  _ANALYTICS_DEACTIVATED=$(getFirebaseJsonKeyValue \"$_JSON_OUTPUT_RAW\" \"analytics_collection_deactivated\")\n  if [[ $_ANALYTICS_DEACTIVATED ]]; then\n    _PLIST_ENTRY_KEYS+=(\"FIREBASE_ANALYTICS_COLLECTION_DEACTIVATED\")\n    _PLIST_ENTRY_TYPES+=(\"bool\")\n    _PLIST_ENTRY_VALUES+=(\"$(jsonBoolToYesNo \"$_ANALYTICS_DEACTIVATED\")\")\n  fi\n\n  # config.analytics_idfv_collection_enabled\n  _ANALYTICS_IDFV_COLLECTION=$(getFirebaseJsonKeyValue \"$_JSON_OUTPUT_RAW\" \"analytics_idfv_collection_enabled\")\n  if [[ $_ANALYTICS_IDFV_COLLECTION ]]; then\n    _PLIST_ENTRY_KEYS+=(\"GOOGLE_ANALYTICS_IDFV_COLLECTION_ENABLED\")\n    _PLIST_ENTRY_TYPES+=(\"bool\")\n    _PLIST_ENTRY_VALUES+=(\"$(jsonBoolToYesNo \"$_ANALYTICS_IDFV_COLLECTION\")\")\n  fi\n\n  # config.analytics_default_allow_ad_personalization_signals\n  _ANALYTICS_PERSONALIZATION=$(getFirebaseJsonKeyValue \"$_JSON_OUTPUT_RAW\" \"analytics_default_allow_ad_personalization_signals\")\n  if [[ $_ANALYTICS_PERSONALIZATION ]]; then\n    _PLIST_ENTRY_KEYS+=(\"GOOGLE_ANALYTICS_DEFAULT_ALLOW_AD_PERSONALIZATION_SIGNALS\")\n    _PLIST_ENTRY_TYPES+=(\"bool\")\n    _PLIST_ENTRY_VALUES+=(\"$(jsonBoolToYesNo \"$_ANALYTICS_PERSONALIZATION\")\")\n  fi\n\n  # config.google_analytics_automatic_screen_reporting_enabled\n  _ANALYTICS_AUTO_SCREEN_REPORTING=$(getFirebaseJsonKeyValue \"$_JSON_OUTPUT_RAW\" \"google_analytics_automatic_screen_reporting_enabled\")\n  if [[ $_ANALYTICS_AUTO_SCREEN_REPORTING ]]; then\n    _PLIST_ENTRY_KEYS+=(\"FirebaseAutomaticScreenReportingEnabled\")\n    _PLIST_ENTRY_TYPES+=(\"bool\")\n    _PLIST_ENTRY_VALUES+=(\"$(jsonBoolToYesNo \"$_ANALYTICS_AUTO_SCREEN_REPORTING\")\")\n  fi\n\n  # config.perf_auto_collection_enabled\n  _PERF_AUTO_COLLECTION=$(getFirebaseJsonKeyValue \"$_JSON_OUTPUT_RAW\" \"perf_auto_collection_enabled\")\n  if [[ $_PERF_AUTO_COLLECTION ]]; then\n    _PLIST_ENTRY_KEYS+=(\"firebase_performance_collection_enabled\")\n    _PLIST_ENTRY_TYPES+=(\"bool\")\n    _PLIST_ENTRY_VALUES+=(\"$(jsonBoolToYesNo \"$_PERF_AUTO_COLLECTION\")\")\n  fi\n\n  # config.perf_collection_deactivated\n  _PERF_DEACTIVATED=$(getFirebaseJsonKeyValue \"$_JSON_OUTPUT_RAW\" \"perf_collection_deactivated\")\n  if [[ $_PERF_DEACTIVATED ]]; then\n    _PLIST_ENTRY_KEYS+=(\"firebase_performance_collection_deactivated\")\n    _PLIST_ENTRY_TYPES+=(\"bool\")\n    _PLIST_ENTRY_VALUES+=(\"$(jsonBoolToYesNo \"$_PERF_DEACTIVATED\")\")\n  fi\n\n  # config.messaging_auto_init_enabled\n  _MESSAGING_AUTO_INIT=$(getFirebaseJsonKeyValue \"$_JSON_OUTPUT_RAW\" \"messaging_auto_init_enabled\")\n  if [[ $_MESSAGING_AUTO_INIT ]]; then\n    _PLIST_ENTRY_KEYS+=(\"FirebaseMessagingAutoInitEnabled\")\n    _PLIST_ENTRY_TYPES+=(\"bool\")\n    _PLIST_ENTRY_VALUES+=(\"$(jsonBoolToYesNo \"$_MESSAGING_AUTO_INIT\")\")\n  fi\n\n  # config.in_app_messaging_auto_colllection_enabled\n  _FIAM_AUTO_INIT=$(getFirebaseJsonKeyValue \"$_JSON_OUTPUT_RAW\" \"in_app_messaging_auto_collection_enabled\")\n  if [[ $_FIAM_AUTO_INIT ]]; then\n    _PLIST_ENTRY_KEYS+=(\"FirebaseInAppMessagingAutomaticDataCollectionEnabled\")\n    _PLIST_ENTRY_TYPES+=(\"bool\")\n    _PLIST_ENTRY_VALUES+=(\"$(jsonBoolToYesNo \"$_FIAM_AUTO_INIT\")\")\n  fi\n\n  # config.app_check_token_auto_refresh\n  _APP_CHECK_TOKEN_AUTO_REFRESH=$(getFirebaseJsonKeyValue \"$_JSON_OUTPUT_RAW\" \"app_check_token_auto_refresh\")\n  if [[ $_APP_CHECK_TOKEN_AUTO_REFRESH ]]; then\n    _PLIST_ENTRY_KEYS+=(\"FirebaseAppCheckTokenAutoRefreshEnabled\")\n    _PLIST_ENTRY_TYPES+=(\"bool\")\n    _PLIST_ENTRY_VALUES+=(\"$(jsonBoolToYesNo \"$_APP_CHECK_TOKEN_AUTO_REFRESH\")\")\n  fi\n\n  # config.crashlytics_disable_auto_disabler - undocumented for now - mainly for debugging, document if becomes useful\n  _CRASHLYTICS_AUTO_DISABLE_ENABLED=$(getFirebaseJsonKeyValue \"$_JSON_OUTPUT_RAW\" \"crashlytics_disable_auto_disabler\")\n  if [[ $_CRASHLYTICS_AUTO_DISABLE_ENABLED == \"true\" ]]; then\n    echo \"Disabled Crashlytics auto disabler.\" # do nothing\n  else\n    _PLIST_ENTRY_KEYS+=(\"FirebaseCrashlyticsCollectionEnabled\")\n    _PLIST_ENTRY_TYPES+=(\"bool\")\n    _PLIST_ENTRY_VALUES+=(\"NO\")\n  fi\nelse\n  _PLIST_ENTRY_KEYS+=(\"firebase_json_raw\")\n  _PLIST_ENTRY_TYPES+=(\"string\")\n  _PLIST_ENTRY_VALUES+=(\"$_JSON_OUTPUT_BASE64\")\n  echo \"warning:   A firebase.json file was not found, whilst this file is optional it is recommended to include it to configure firebase services in React Native Firebase.\"\nfi;\n\necho \"info: 2) Injecting Info.plist entries: \"\n\n# Log out the keys we're adding\nfor i in \"${!_PLIST_ENTRY_KEYS[@]}\"; do\n  echo \"    ->  $i) ${_PLIST_ENTRY_KEYS[$i]}\" \"${_PLIST_ENTRY_TYPES[$i]}\" \"${_PLIST_ENTRY_VALUES[$i]}\"\ndone\n\nfor plist in \"${_TARGET_PLIST}\" \"${_DSYM_PLIST}\" ; do\n  if [[ -f \"${plist}\" ]]; then\n\n    # paths with spaces break the call to setPlistValue. temporarily modify\n    # the shell internal field separator variable (IFS), which normally\n    # includes spaces, to consist only of line breaks\n    oldifs=$IFS\n    IFS=\"\n\"\n\n    for i in \"${!_PLIST_ENTRY_KEYS[@]}\"; do\n      setPlistValue \"${_PLIST_ENTRY_KEYS[$i]}\" \"${_PLIST_ENTRY_TYPES[$i]}\" \"${_PLIST_ENTRY_VALUES[$i]}\" \"${plist}\"\n    done\n\n    # restore the original internal field separator value\n    IFS=$oldifs\n  else\n    echo \"warning:   A Info.plist build output file was not found (${plist})\"\n  fi\ndone\n\necho \"info: <- RNFB build script finished\"\n";
		};
		EC0A8BA8D007F1ABA457A601 /* [CP] Check Pods Manifest.lock */ = {
			isa = PBXShellScriptBuildPhase;
			buildActionMask = 2147483647;
			files = (
			);
			inputFileListPaths = (
			);
			inputPaths = (
				"${PODS_PODFILE_DIR_PATH}/Podfile.lock",
				"${PODS_ROOT}/Manifest.lock",
			);
			name = "[CP] Check Pods Manifest.lock";
			outputFileListPaths = (
			);
			outputPaths = (
				"$(DERIVED_FILE_DIR)/Pods-Biostasis-BiostasisTests-checkManifestLockResult.txt",
			);
			runOnlyForDeploymentPostprocessing = 0;
			shellPath = /bin/sh;
			shellScript = "diff \"${PODS_PODFILE_DIR_PATH}/Podfile.lock\" \"${PODS_ROOT}/Manifest.lock\" > /dev/null\nif [ $? != 0 ] ; then\n    # print error to STDERR\n    echo \"error: The sandbox is not in sync with the Podfile.lock. Run 'pod install' or update your CocoaPods installation.\" >&2\n    exit 1\nfi\n# This output is used by Xcode 'outputs' to avoid re-running this script phase.\necho \"SUCCESS\" > \"${SCRIPT_OUTPUT_FILE_0}\"\n";
			showEnvVarsInLog = 0;
		};
		F93B23AB74B87D4952392A61 /* [CP] Copy Pods Resources */ = {
			isa = PBXShellScriptBuildPhase;
			buildActionMask = 2147483647;
			files = (
			);
			inputFileListPaths = (
				"${PODS_ROOT}/Target Support Files/Pods-Biostasis-BiostasisTests/Pods-Biostasis-BiostasisTests-resources-${CONFIGURATION}-input-files.xcfilelist",
			);
			name = "[CP] Copy Pods Resources";
			outputFileListPaths = (
				"${PODS_ROOT}/Target Support Files/Pods-Biostasis-BiostasisTests/Pods-Biostasis-BiostasisTests-resources-${CONFIGURATION}-output-files.xcfilelist",
			);
			runOnlyForDeploymentPostprocessing = 0;
			shellPath = /bin/sh;
			shellScript = "\"${PODS_ROOT}/Target Support Files/Pods-Biostasis-BiostasisTests/Pods-Biostasis-BiostasisTests-resources.sh\"\n";
			showEnvVarsInLog = 0;
		};
		FD10A7F022414F080027D42C /* Start Packager */ = {
			isa = PBXShellScriptBuildPhase;
			buildActionMask = 2147483647;
			files = (
			);
			inputFileListPaths = (
			);
			inputPaths = (
			);
			name = "Start Packager";
			outputFileListPaths = (
			);
			outputPaths = (
			);
			runOnlyForDeploymentPostprocessing = 0;
			shellPath = /bin/sh;
			shellScript = "export RCT_METRO_PORT=\"${RCT_METRO_PORT:=8081}\"\necho \"export RCT_METRO_PORT=${RCT_METRO_PORT}\" > \"${SRCROOT}/../node_modules/react-native/scripts/.packager.env\"\nif [ -z \"${RCT_NO_LAUNCH_PACKAGER+xxx}\" ] ; then\n  if nc -w 5 -z localhost ${RCT_METRO_PORT} ; then\n    if ! curl -s \"http://localhost:${RCT_METRO_PORT}/status\" | grep -q \"packager-status:running\" ; then\n      echo \"Port ${RCT_METRO_PORT} already in use, packager is either not running or not running correctly\"\n      exit 2\n    fi\n  else\n    open \"$SRCROOT/../node_modules/react-native/scripts/launchPackager.command\" || echo \"Can't start packager automatically\"\n  fi\nfi\n";
			showEnvVarsInLog = 0;
		};
/* End PBXShellScriptBuildPhase section */

/* Begin PBXSourcesBuildPhase section */
		00E356EA1AD99517003FC87E /* Sources */ = {
			isa = PBXSourcesBuildPhase;
			buildActionMask = 2147483647;
			files = (
				00E356F31AD99517003FC87E /* BiostasisTests.m in Sources */,
			);
			runOnlyForDeploymentPostprocessing = 0;
		};
		13B07F871A680F5B00A75B9A /* Sources */ = {
			isa = PBXSourcesBuildPhase;
			buildActionMask = 2147483647;
			files = (
				13B07FBC1A68108700A75B9A /* AppDelegate.m in Sources */,
				DECC4E6627282B2C00F030AA /* LocationManager.swift in Sources */,
				DE4EBAF22715B8EA0004DB17 /* LocalNotificationManager.swift in Sources */,
				DE4EBAF62715D83A0004DB17 /* HealthKitDataHandler.swift in Sources */,
				DE4EBAF42715D05B0004DB17 /* HealthKitManager.swift in Sources */,
				DE570157271ECF5600802391 /* apiModels.swift in Sources */,
				DEA22CFE2719CD4B0076E78B /* EmergencySettingsModel.swift in Sources */,
				DEA22CFC271982070076E78B /* PersistentStorageManager.swift in Sources */,
				DE44816D282D4FC90009C1E3 /* RefreshTokenRO.swift in Sources */,
				DE483C4F271D9C22000D338D /* NativeManagerBridge.m in Sources */,
				DE483C4D271D56E5000D338D /* NetworkingManager.swift in Sources */,
				DE4EBAF82715DF9A0004DB17 /* NativeManager.swift in Sources */,
				DED0F24A282A9358007EACBF /* NativeManagerSingleton.swift in Sources */,
				DE7F88F3272710B900CFB5DC /* UserModel.swift in Sources */,
				13B07FC11A68108700A75B9A /* main.m in Sources */,
			);
			runOnlyForDeploymentPostprocessing = 0;
		};
/* End PBXSourcesBuildPhase section */

/* Begin PBXTargetDependency section */
		00E356F51AD99517003FC87E /* PBXTargetDependency */ = {
			isa = PBXTargetDependency;
			target = 13B07F861A680F5B00A75B9A /* Biostasis */;
			targetProxy = 00E356F41AD99517003FC87E /* PBXContainerItemProxy */;
		};
/* End PBXTargetDependency section */

/* Begin XCBuildConfiguration section */
		00E356F61AD99517003FC87E /* Debug */ = {
			isa = XCBuildConfiguration;
			baseConfigurationReference = 615040CB7BF3540EB2B94762 /* Pods-Biostasis-BiostasisTests.debug.xcconfig */;
			buildSettings = {
				ALWAYS_EMBED_SWIFT_STANDARD_LIBRARIES = YES;
				BUNDLE_LOADER = "$(TEST_HOST)";
				GCC_PREPROCESSOR_DEFINITIONS = (
					"DEBUG=1",
					"$(inherited)",
				);
				INFOPLIST_FILE = BiostasisTests/Info.plist;
				IPHONEOS_DEPLOYMENT_TARGET = 10.0;
				LD_RUNPATH_SEARCH_PATHS = (
					"$(inherited)",
					"@executable_path/Frameworks",
					"@loader_path/Frameworks",
				);
				OTHER_LDFLAGS = (
					"-ObjC",
					"-lc++",
					"$(inherited)",
				);
				PRODUCT_BUNDLE_IDENTIFIER = "org.reactjs.native.example.$(PRODUCT_NAME:rfc1034identifier)";
				PRODUCT_NAME = "$(TARGET_NAME)";
				TEST_HOST = "$(BUILT_PRODUCTS_DIR)/Biostasis.app/Biostasis";
			};
			name = Debug;
		};
		00E356F71AD99517003FC87E /* Release */ = {
			isa = XCBuildConfiguration;
			baseConfigurationReference = 9113C1BEE12055AD4855AB83 /* Pods-Biostasis-BiostasisTests.release.xcconfig */;
			buildSettings = {
				ALWAYS_EMBED_SWIFT_STANDARD_LIBRARIES = YES;
				BUNDLE_LOADER = "$(TEST_HOST)";
				COPY_PHASE_STRIP = NO;
				INFOPLIST_FILE = BiostasisTests/Info.plist;
				IPHONEOS_DEPLOYMENT_TARGET = 10.0;
				LD_RUNPATH_SEARCH_PATHS = (
					"$(inherited)",
					"@executable_path/Frameworks",
					"@loader_path/Frameworks",
				);
				OTHER_LDFLAGS = (
					"-ObjC",
					"-lc++",
					"$(inherited)",
				);
				PRODUCT_BUNDLE_IDENTIFIER = "org.reactjs.native.example.$(PRODUCT_NAME:rfc1034identifier)";
				PRODUCT_NAME = "$(TARGET_NAME)";
				TEST_HOST = "$(BUILT_PRODUCTS_DIR)/Biostasis.app/Biostasis";
			};
			name = Release;
		};
		13B07F941A680F5B00A75B9A /* Debug */ = {
			isa = XCBuildConfiguration;
			baseConfigurationReference = CD341BC547E9A19DE6C09E34 /* Pods-Biostasis.debug.xcconfig */;
			buildSettings = {
				ASSETCATALOG_COMPILER_APPICON_NAME = AppIcon;
				CLANG_ENABLE_MODULES = YES;
				CODE_SIGN_ENTITLEMENTS = Biostasis/Biostasis.entitlements;
				CODE_SIGN_IDENTITY = "Apple Development";
				CODE_SIGN_STYLE = Automatic;
				CURRENT_PROJECT_VERSION = 8;
				DEVELOPMENT_TEAM = 379N8TSZND;
				ENABLE_BITCODE = NO;
				EXCLUDED_ARCHS = "";
				"EXCLUDED_ARCHS[sdk=iphonesimulator*]" = arm64;
				INFOPLIST_FILE = Biostasis/Info.plist;
				IPHONEOS_DEPLOYMENT_TARGET = 13.0;
				LD_RUNPATH_SEARCH_PATHS = (
					"$(inherited)",
					"@executable_path/Frameworks",
				);
				MARKETING_VERSION = 1.0.3;
				OTHER_LDFLAGS = (
					"-ObjC",
					"-lc++",
					"$(inherited)",
				);
				OTHER_SWIFT_FLAGS = "$(inherited) -D COCOAPODS -Xcc -fmodule-map-file=\"${PODS_CONFIGURATION_BUILD_DIR}/YogaKit/YogaKit.modulemap\" -Xcc -fmodule-map-file=\"${PODS_CONFIGURATION_BUILD_DIR}/react-native-geolocation-service/react_native_geolocation_service.modulemap\" -Xcc -fmodule-map-file=\"${PODS_ROOT}/Headers/Public/FBLPromises/PromisesObjC.modulemap\" -Xcc -fmodule-map-file=\"${PODS_ROOT}/Headers/Public/FlipperKit/FlipperKit.modulemap\" -Xcc -fmodule-map-file=\"${PODS_ROOT}/Headers/Public/React/React-Core.modulemap\" -Xcc -fmodule-map-file=\"${PODS_ROOT}/Headers/Public/yoga/Yoga.modulemap\" -Xcc -DFB_SONARKIT_ENABLED=1 -D DEBUG";
				PRODUCT_BUNDLE_IDENTIFIER = app.biostasis;
				PRODUCT_NAME = Biostasis;
				PROVISIONING_PROFILE_SPECIFIER = "";
				SWIFT_OBJC_BRIDGING_HEADER = "Biostasis-Bridging-Header.h";
				SWIFT_OPTIMIZATION_LEVEL = "-Onone";
				SWIFT_VERSION = 5.0;
				VERSIONING_SYSTEM = "apple-generic";
			};
			name = Debug;
		};
		13B07F951A680F5B00A75B9A /* Release */ = {
			isa = XCBuildConfiguration;
			baseConfigurationReference = 96563C88AAAB178990F8B804 /* Pods-Biostasis.release.xcconfig */;
			buildSettings = {
				ASSETCATALOG_COMPILER_APPICON_NAME = AppIcon;
				CLANG_ENABLE_MODULES = YES;
				CODE_SIGN_ENTITLEMENTS = Biostasis/BiostasisRelease.entitlements;
				CODE_SIGN_IDENTITY = "Apple Development";
				CODE_SIGN_STYLE = Automatic;
				CURRENT_PROJECT_VERSION = 8;
				DEVELOPMENT_TEAM = 379N8TSZND;
				EXCLUDED_ARCHS = "";
				"EXCLUDED_ARCHS[sdk=iphonesimulator*]" = arm64;
				INFOPLIST_FILE = Biostasis/Info.plist;
				IPHONEOS_DEPLOYMENT_TARGET = 13.0;
				LD_RUNPATH_SEARCH_PATHS = (
					"$(inherited)",
					"@executable_path/Frameworks",
				);
				MARKETING_VERSION = 1.0.3;
				OTHER_LDFLAGS = (
					"-ObjC",
					"-lc++",
					"$(inherited)",
				);
				PRODUCT_BUNDLE_IDENTIFIER = app.biostasis;
				PRODUCT_NAME = Biostasis;
				PROVISIONING_PROFILE_SPECIFIER = "";
				SWIFT_OBJC_BRIDGING_HEADER = "Biostasis-Bridging-Header.h";
				SWIFT_VERSION = 5.0;
				VERSIONING_SYSTEM = "apple-generic";
			};
			name = Release;
		};
		83CBBA201A601CBA00E9B192 /* Debug */ = {
			isa = XCBuildConfiguration;
			buildSettings = {
				ALWAYS_SEARCH_USER_PATHS = NO;
				CLANG_ANALYZER_LOCALIZABILITY_NONLOCALIZED = YES;
				CLANG_CXX_LANGUAGE_STANDARD = "gnu++0x";
				CLANG_CXX_LIBRARY = "libc++";
				CLANG_ENABLE_MODULES = YES;
				CLANG_ENABLE_OBJC_ARC = YES;
				CLANG_WARN_BLOCK_CAPTURE_AUTORELEASING = YES;
				CLANG_WARN_BOOL_CONVERSION = YES;
				CLANG_WARN_COMMA = YES;
				CLANG_WARN_CONSTANT_CONVERSION = YES;
				CLANG_WARN_DEPRECATED_OBJC_IMPLEMENTATIONS = YES;
				CLANG_WARN_DIRECT_OBJC_ISA_USAGE = YES_ERROR;
				CLANG_WARN_EMPTY_BODY = YES;
				CLANG_WARN_ENUM_CONVERSION = YES;
				CLANG_WARN_INFINITE_RECURSION = YES;
				CLANG_WARN_INT_CONVERSION = YES;
				CLANG_WARN_NON_LITERAL_NULL_CONVERSION = YES;
				CLANG_WARN_OBJC_IMPLICIT_RETAIN_SELF = YES;
				CLANG_WARN_OBJC_LITERAL_CONVERSION = YES;
				CLANG_WARN_OBJC_ROOT_CLASS = YES_ERROR;
				CLANG_WARN_QUOTED_INCLUDE_IN_FRAMEWORK_HEADER = YES;
				CLANG_WARN_RANGE_LOOP_ANALYSIS = YES;
				CLANG_WARN_STRICT_PROTOTYPES = YES;
				CLANG_WARN_SUSPICIOUS_MOVE = YES;
				CLANG_WARN_UNREACHABLE_CODE = YES;
				CLANG_WARN__DUPLICATE_METHOD_MATCH = YES;
				"CODE_SIGN_IDENTITY[sdk=iphoneos*]" = "iPhone Developer";
				COPY_PHASE_STRIP = NO;
				ENABLE_STRICT_OBJC_MSGSEND = YES;
				ENABLE_TESTABILITY = YES;
				"EXCLUDED_ARCHS[sdk=iphonesimulator*]" = "";
				GCC_C_LANGUAGE_STANDARD = gnu99;
				GCC_DYNAMIC_NO_PIC = NO;
				GCC_NO_COMMON_BLOCKS = YES;
				GCC_OPTIMIZATION_LEVEL = 0;
				GCC_PREPROCESSOR_DEFINITIONS = (
					"DEBUG=1",
					"$(inherited)",
				);
				GCC_SYMBOLS_PRIVATE_EXTERN = NO;
				GCC_WARN_64_TO_32_BIT_CONVERSION = YES;
				GCC_WARN_ABOUT_RETURN_TYPE = YES_ERROR;
				GCC_WARN_UNDECLARED_SELECTOR = YES;
				GCC_WARN_UNINITIALIZED_AUTOS = YES_AGGRESSIVE;
				GCC_WARN_UNUSED_FUNCTION = YES;
				GCC_WARN_UNUSED_VARIABLE = YES;
				IPHONEOS_DEPLOYMENT_TARGET = 10.0;
				LD_RUNPATH_SEARCH_PATHS = (
					/usr/lib/swift,
					"$(inherited)",
				);
				LIBRARY_SEARCH_PATHS = (
					"\"$(TOOLCHAIN_DIR)/usr/lib/swift/$(PLATFORM_NAME)\"",
					"\"$(TOOLCHAIN_DIR)/usr/lib/swift-5.0/$(PLATFORM_NAME)\"",
					"\"$(inherited)\"",
				);
				MTL_ENABLE_DEBUG_INFO = YES;
				ONLY_ACTIVE_ARCH = YES;
				SDKROOT = iphoneos;
			};
			name = Debug;
		};
		83CBBA211A601CBA00E9B192 /* Release */ = {
			isa = XCBuildConfiguration;
			buildSettings = {
				ALWAYS_SEARCH_USER_PATHS = NO;
				CLANG_ANALYZER_LOCALIZABILITY_NONLOCALIZED = YES;
				CLANG_CXX_LANGUAGE_STANDARD = "gnu++0x";
				CLANG_CXX_LIBRARY = "libc++";
				CLANG_ENABLE_MODULES = YES;
				CLANG_ENABLE_OBJC_ARC = YES;
				CLANG_WARN_BLOCK_CAPTURE_AUTORELEASING = YES;
				CLANG_WARN_BOOL_CONVERSION = YES;
				CLANG_WARN_COMMA = YES;
				CLANG_WARN_CONSTANT_CONVERSION = YES;
				CLANG_WARN_DEPRECATED_OBJC_IMPLEMENTATIONS = YES;
				CLANG_WARN_DIRECT_OBJC_ISA_USAGE = YES_ERROR;
				CLANG_WARN_EMPTY_BODY = YES;
				CLANG_WARN_ENUM_CONVERSION = YES;
				CLANG_WARN_INFINITE_RECURSION = YES;
				CLANG_WARN_INT_CONVERSION = YES;
				CLANG_WARN_NON_LITERAL_NULL_CONVERSION = YES;
				CLANG_WARN_OBJC_IMPLICIT_RETAIN_SELF = YES;
				CLANG_WARN_OBJC_LITERAL_CONVERSION = YES;
				CLANG_WARN_OBJC_ROOT_CLASS = YES_ERROR;
				CLANG_WARN_QUOTED_INCLUDE_IN_FRAMEWORK_HEADER = YES;
				CLANG_WARN_RANGE_LOOP_ANALYSIS = YES;
				CLANG_WARN_STRICT_PROTOTYPES = YES;
				CLANG_WARN_SUSPICIOUS_MOVE = YES;
				CLANG_WARN_UNREACHABLE_CODE = YES;
				CLANG_WARN__DUPLICATE_METHOD_MATCH = YES;
				"CODE_SIGN_IDENTITY[sdk=iphoneos*]" = "iPhone Developer";
				COPY_PHASE_STRIP = YES;
				ENABLE_NS_ASSERTIONS = NO;
				ENABLE_STRICT_OBJC_MSGSEND = YES;
				"EXCLUDED_ARCHS[sdk=iphonesimulator*]" = "";
				GCC_C_LANGUAGE_STANDARD = gnu99;
				GCC_NO_COMMON_BLOCKS = YES;
				GCC_WARN_64_TO_32_BIT_CONVERSION = YES;
				GCC_WARN_ABOUT_RETURN_TYPE = YES_ERROR;
				GCC_WARN_UNDECLARED_SELECTOR = YES;
				GCC_WARN_UNINITIALIZED_AUTOS = YES_AGGRESSIVE;
				GCC_WARN_UNUSED_FUNCTION = YES;
				GCC_WARN_UNUSED_VARIABLE = YES;
				IPHONEOS_DEPLOYMENT_TARGET = 10.0;
				LD_RUNPATH_SEARCH_PATHS = (
					/usr/lib/swift,
					"$(inherited)",
				);
				LIBRARY_SEARCH_PATHS = (
					"\"$(TOOLCHAIN_DIR)/usr/lib/swift/$(PLATFORM_NAME)\"",
					"\"$(TOOLCHAIN_DIR)/usr/lib/swift-5.0/$(PLATFORM_NAME)\"",
					"\"$(inherited)\"",
				);
				MTL_ENABLE_DEBUG_INFO = NO;
				SDKROOT = iphoneos;
				VALIDATE_PRODUCT = YES;
			};
			name = Release;
		};
/* End XCBuildConfiguration section */

/* Begin XCConfigurationList section */
		00E357021AD99517003FC87E /* Build configuration list for PBXNativeTarget "BiostasisTests" */ = {
			isa = XCConfigurationList;
			buildConfigurations = (
				00E356F61AD99517003FC87E /* Debug */,
				00E356F71AD99517003FC87E /* Release */,
			);
			defaultConfigurationIsVisible = 0;
			defaultConfigurationName = Release;
		};
		13B07F931A680F5B00A75B9A /* Build configuration list for PBXNativeTarget "Biostasis" */ = {
			isa = XCConfigurationList;
			buildConfigurations = (
				13B07F941A680F5B00A75B9A /* Debug */,
				13B07F951A680F5B00A75B9A /* Release */,
			);
			defaultConfigurationIsVisible = 0;
			defaultConfigurationName = Release;
		};
		83CBB9FA1A601CBA00E9B192 /* Build configuration list for PBXProject "Biostasis" */ = {
			isa = XCConfigurationList;
			buildConfigurations = (
				83CBBA201A601CBA00E9B192 /* Debug */,
				83CBBA211A601CBA00E9B192 /* Release */,
			);
			defaultConfigurationIsVisible = 0;
			defaultConfigurationName = Release;
		};
/* End XCConfigurationList section */
	};
	rootObject = 83CBB9F71A601CBA00E9B192 /* Project object */;
}
